
Microsoft Visual Studio Solution File, Format Version 12.00
# Visual Studio 2012
VisualStudioVersion = 12.0.30501.0
MinimumVisualStudioVersion = 10.0.40219.1
Project("{FAE04EC0-301F-11D3-BF4B-00C04F79EFBC}") = "Phoneword", "Phoneword\Phoneword.csproj", "{D817A8A9-8D8D-4584-886B-AE8FA5F934D2}"
EndProject
Project("{FAE04EC0-301F-11D3-BF4B-00C04F79EFBC}") = "Phoneword.iOS", "iOS\Phoneword.iOS.csproj", "{E8267A92-9093-45C8-9A5E-97C8BCBBC8E4}"
EndProject
Project("{FAE04EC0-301F-11D3-BF4B-00C04F79EFBC}") = "Phoneword.Android", "Android\Phoneword.Android.csproj", "{922AD88D-271A-429E-BD80-3C30621385BD}"
EndProject
Project("{FAE04EC0-301F-11D3-BF4B-00C04F79EFBC}") = "Phoneword.WinPhone", "WinPhone\Phoneword.WinPhone.csproj", "{EB285CD4-B3B9-4A74-B19F-790619DE0C87}"
EndProject
Global
	GlobalSection(SolutionConfigurationPlatforms) = preSolution
		Ad-Hoc|Any CPU = Ad-Hoc|Any CPU
		Ad-Hoc|ARM = Ad-Hoc|ARM
		Ad-Hoc|iPhone = Ad-Hoc|iPhone
		Ad-Hoc|iPhoneSimulator = Ad-Hoc|iPhoneSimulator
		Ad-Hoc|x86 = Ad-Hoc|x86
		AppStore|Any CPU = AppStore|Any CPU
		AppStore|ARM = AppStore|ARM
		AppStore|iPhone = AppStore|iPhone
		AppStore|iPhoneSimulator = AppStore|iPhoneSimulator
		AppStore|x86 = AppStore|x86
		Debug|Any CPU = Debug|Any CPU
		Debug|ARM = Debug|ARM
		Debug|iPhone = Debug|iPhone
		Debug|iPhoneSimulator = Debug|iPhoneSimulator
		Debug|x86 = Debug|x86
		Release|Any CPU = Release|Any CPU
		Release|ARM = Release|ARM
		Release|iPhone = Release|iPhone
		Release|iPhoneSimulator = Release|iPhoneSimulator
		Release|x86 = Release|x86
	EndGlobalSection
	GlobalSection(ProjectConfigurationPlatforms) = postSolution
		{922AD88D-271A-429E-BD80-3C30621385BD}.Ad-Hoc|Any CPU.ActiveCfg = Release|Any CPU
		{922AD88D-271A-429E-BD80-3C30621385BD}.Ad-Hoc|Any CPU.Build.0 = Release|Any CPU
		{922AD88D-271A-429E-BD80-3C30621385BD}.Ad-Hoc|Any CPU.Deploy.0 = Release|Any CPU
		{922AD88D-271A-429E-BD80-3C30621385BD}.Ad-Hoc|ARM.ActiveCfg = Release|Any CPU
		{922AD88D-271A-429E-BD80-3C30621385BD}.Ad-Hoc|iPhone.ActiveCfg = Debug|Any CPU
		{922AD88D-271A-429E-BD80-3C30621385BD}.Ad-Hoc|iPhone.Build.0 = Debug|Any CPU
		{922AD88D-271A-429E-BD80-3C30621385BD}.Ad-Hoc|iPhoneSimulator.ActiveCfg = Release|Any CPU
		{922AD88D-271A-429E-BD80-3C30621385BD}.Ad-Hoc|x86.ActiveCfg = Release|Any CPU
		{922AD88D-271A-429E-BD80-3C30621385BD}.AppStore|Any CPU.ActiveCfg = Release|Any CPU
		{922AD88D-271A-429E-BD80-3C30621385BD}.AppStore|Any CPU.Build.0 = Release|Any CPU
		{922AD88D-271A-429E-BD80-3C30621385BD}.AppStore|Any CPU.Deploy.0 = Release|Any CPU
		{922AD88D-271A-429E-BD80-3C30621385BD}.AppStore|ARM.ActiveCfg = Release|Any CPU
		{922AD88D-271A-429E-BD80-3C30621385BD}.AppStore|iPhone.ActiveCfg = Debug|Any CPU
		{922AD88D-271A-429E-BD80-3C30621385BD}.AppStore|iPhone.Build.0 = Debug|Any CPU
		{922AD88D-271A-429E-BD80-3C30621385BD}.AppStore|iPhoneSimulator.ActiveCfg = Release|Any CPU
		{922AD88D-271A-429E-BD80-3C30621385BD}.AppStore|x86.ActiveCfg = Release|Any CPU
		{922AD88D-271A-429E-BD80-3C30621385BD}.Debug|Any CPU.ActiveCfg = Debug|Any CPU
		{922AD88D-271A-429E-BD80-3C30621385BD}.Debug|Any CPU.Build.0 = Debug|Any CPU
		{922AD88D-271A-429E-BD80-3C30621385BD}.Debug|ARM.ActiveCfg = Debug|Any CPU
		{922AD88D-271A-429E-BD80-3C30621385BD}.Debug|ARM.Build.0 = Debug|Any CPU
		{922AD88D-271A-429E-BD80-3C30621385BD}.Debug|iPhone.ActiveCfg = Debug|Any CPU
		{922AD88D-271A-429E-BD80-3C30621385BD}.Debug|iPhone.Build.0 = Debug|Any CPU
		{922AD88D-271A-429E-BD80-3C30621385BD}.Debug|iPhoneSimulator.ActiveCfg = Debug|Any CPU
		{922AD88D-271A-429E-BD80-3C30621385BD}.Debug|iPhoneSimulator.Build.0 = Debug|Any CPU
		{922AD88D-271A-429E-BD80-3C30621385BD}.Debug|x86.ActiveCfg = Debug|Any CPU
		{922AD88D-271A-429E-BD80-3C30621385BD}.Debug|x86.Build.0 = Debug|Any CPU
		{922AD88D-271A-429E-BD80-3C30621385BD}.Release|Any CPU.ActiveCfg = Release|Any CPU
		{922AD88D-271A-429E-BD80-3C30621385BD}.Release|Any CPU.Build.0 = Release|Any CPU
		{922AD88D-271A-429E-BD80-3C30621385BD}.Release|ARM.ActiveCfg = Release|Any CPU
		{922AD88D-271A-429E-BD80-3C30621385BD}.Release|ARM.Build.0 = Release|Any CPU
		{922AD88D-271A-429E-BD80-3C30621385BD}.Release|iPhone.ActiveCfg = Release|Any CPU
		{922AD88D-271A-429E-BD80-3C30621385BD}.Release|iPhone.Build.0 = Release|Any CPU
		{922AD88D-271A-429E-BD80-3C30621385BD}.Release|iPhoneSimulator.ActiveCfg = Release|Any CPU
		{922AD88D-271A-429E-BD80-3C30621385BD}.Release|iPhoneSimulator.Build.0 = Release|Any CPU
		{922AD88D-271A-429E-BD80-3C30621385BD}.Release|x86.ActiveCfg = Release|Any CPU
		{922AD88D-271A-429E-BD80-3C30621385BD}.Release|x86.Build.0 = Release|Any CPU
		{D817A8A9-8D8D-4584-886B-AE8FA5F934D2}.Ad-Hoc|Any CPU.ActiveCfg = Release|Any CPU
		{D817A8A9-8D8D-4584-886B-AE8FA5F934D2}.Ad-Hoc|Any CPU.Build.0 = Release|Any CPU
		{D817A8A9-8D8D-4584-886B-AE8FA5F934D2}.Ad-Hoc|ARM.ActiveCfg = Release|Any CPU
		{D817A8A9-8D8D-4584-886B-AE8FA5F934D2}.Ad-Hoc|iPhone.ActiveCfg = Debug|Any CPU
		{D817A8A9-8D8D-4584-886B-AE8FA5F934D2}.Ad-Hoc|iPhone.Build.0 = Debug|Any CPU
		{D817A8A9-8D8D-4584-886B-AE8FA5F934D2}.Ad-Hoc|iPhoneSimulator.ActiveCfg = Release|Any CPU
		{D817A8A9-8D8D-4584-886B-AE8FA5F934D2}.Ad-Hoc|x86.ActiveCfg = Release|Any CPU
		{D817A8A9-8D8D-4584-886B-AE8FA5F934D2}.AppStore|Any CPU.ActiveCfg = Release|Any CPU
		{D817A8A9-8D8D-4584-886B-AE8FA5F934D2}.AppStore|Any CPU.Build.0 = Release|Any CPU
		{D817A8A9-8D8D-4584-886B-AE8FA5F934D2}.AppStore|ARM.ActiveCfg = Release|Any CPU
		{D817A8A9-8D8D-4584-886B-AE8FA5F934D2}.AppStore|iPhone.ActiveCfg = Debug|Any CPU
		{D817A8A9-8D8D-4584-886B-AE8FA5F934D2}.AppStore|iPhone.Build.0 = Debug|Any CPU
		{D817A8A9-8D8D-4584-886B-AE8FA5F934D2}.AppStore|iPhoneSimulator.ActiveCfg = Release|Any CPU
		{D817A8A9-8D8D-4584-886B-AE8FA5F934D2}.AppStore|x86.ActiveCfg = Release|Any CPU
		{D817A8A9-8D8D-4584-886B-AE8FA5F934D2}.Debug|Any CPU.ActiveCfg = Debug|Any CPU
		{D817A8A9-8D8D-4584-886B-AE8FA5F934D2}.Debug|Any CPU.Build.0 = Debug|Any CPU
		{D817A8A9-8D8D-4584-886B-AE8FA5F934D2}.Debug|ARM.ActiveCfg = Debug|Any CPU
		{D817A8A9-8D8D-4584-886B-AE8FA5F934D2}.Debug|ARM.Build.0 = Debug|Any CPU
		{D817A8A9-8D8D-4584-886B-AE8FA5F934D2}.Debug|iPhone.ActiveCfg = Debug|Any CPU
		{D817A8A9-8D8D-4584-886B-AE8FA5F934D2}.Debug|iPhone.Build.0 = Debug|Any CPU
		{D817A8A9-8D8D-4584-886B-AE8FA5F934D2}.Debug|iPhoneSimulator.ActiveCfg = Debug|Any CPU
		{D817A8A9-8D8D-4584-886B-AE8FA5F934D2}.Debug|iPhoneSimulator.Build.0 = Debug|Any CPU
		{D817A8A9-8D8D-4584-886B-AE8FA5F934D2}.Debug|x86.ActiveCfg = Debug|Any CPU
		{D817A8A9-8D8D-4584-886B-AE8FA5F934D2}.Debug|x86.Build.0 = Debug|Any CPU
		{D817A8A9-8D8D-4584-886B-AE8FA5F934D2}.Release|Any CPU.ActiveCfg = Release|Any CPU
		{D817A8A9-8D8D-4584-886B-AE8FA5F934D2}.Release|Any CPU.Build.0 = Release|Any CPU
		{D817A8A9-8D8D-4584-886B-AE8FA5F934D2}.Release|ARM.ActiveCfg = Release|Any CPU
		{D817A8A9-8D8D-4584-886B-AE8FA5F934D2}.Release|ARM.Build.0 = Release|Any CPU
		{D817A8A9-8D8D-4584-886B-AE8FA5F934D2}.Release|iPhone.ActiveCfg = Release|Any CPU
		{D817A8A9-8D8D-4584-886B-AE8FA5F934D2}.Release|iPhone.Build.0 = Release|Any CPU
		{D817A8A9-8D8D-4584-886B-AE8FA5F934D2}.Release|iPhoneSimulator.ActiveCfg = Release|Any CPU
		{D817A8A9-8D8D-4584-886B-AE8FA5F934D2}.Release|iPhoneSimulator.Build.0 = Release|Any CPU
		{D817A8A9-8D8D-4584-886B-AE8FA5F934D2}.Release|x86.ActiveCfg = Release|Any CPU
		{D817A8A9-8D8D-4584-886B-AE8FA5F934D2}.Release|x86.Build.0 = Release|Any CPU
		{E8267A92-9093-45C8-9A5E-97C8BCBBC8E4}.Ad-Hoc|Any CPU.ActiveCfg = Ad-Hoc|iPhoneSimulator
		{E8267A92-9093-45C8-9A5E-97C8BCBBC8E4}.Ad-Hoc|ARM.ActiveCfg = Ad-Hoc|iPhoneSimulator
		{E8267A92-9093-45C8-9A5E-97C8BCBBC8E4}.Ad-Hoc|iPhone.ActiveCfg = Ad-Hoc|iPhone
		{E8267A92-9093-45C8-9A5E-97C8BCBBC8E4}.Ad-Hoc|iPhone.Build.0 = Ad-Hoc|iPhone
		{E8267A92-9093-45C8-9A5E-97C8BCBBC8E4}.Ad-Hoc|iPhoneSimulator.ActiveCfg = Ad-Hoc|iPhoneSimulator
		{E8267A92-9093-45C8-9A5E-97C8BCBBC8E4}.Ad-Hoc|iPhoneSimulator.Build.0 = Ad-Hoc|iPhoneSimulator
		{E8267A92-9093-45C8-9A5E-97C8BCBBC8E4}.Ad-Hoc|iPhoneSimulator.Deploy.0 = Ad-Hoc|iPhoneSimulator
		{E8267A92-9093-45C8-9A5E-97C8BCBBC8E4}.Ad-Hoc|x86.ActiveCfg = Ad-Hoc|iPhoneSimulator
		{E8267A92-9093-45C8-9A5E-97C8BCBBC8E4}.AppStore|Any CPU.ActiveCfg = AppStore|iPhoneSimulator
		{E8267A92-9093-45C8-9A5E-97C8BCBBC8E4}.AppStore|ARM.ActiveCfg = AppStore|iPhoneSimulator
		{E8267A92-9093-45C8-9A5E-97C8BCBBC8E4}.AppStore|iPhone.ActiveCfg = AppStore|iPhone
		{E8267A92-9093-45C8-9A5E-97C8BCBBC8E4}.AppStore|iPhone.Build.0 = AppStore|iPhone
		{E8267A92-9093-45C8-9A5E-97C8BCBBC8E4}.AppStore|iPhoneSimulator.ActiveCfg = AppStore|iPhoneSimulator
		{E8267A92-9093-45C8-9A5E-97C8BCBBC8E4}.AppStore|iPhoneSimulator.Build.0 = AppStore|iPhoneSimulator
		{E8267A92-9093-45C8-9A5E-97C8BCBBC8E4}.AppStore|iPhoneSimulator.Deploy.0 = AppStore|iPhoneSimulator
		{E8267A92-9093-45C8-9A5E-97C8BCBBC8E4}.AppStore|x86.ActiveCfg = AppStore|iPhoneSimulator
		{E8267A92-9093-45C8-9A5E-97C8BCBBC8E4}.Debug|Any CPU.ActiveCfg = Debug|iPhoneSimulator
		{E8267A92-9093-45C8-9A5E-97C8BCBBC8E4}.Debug|Any CPU.Build.0 = Debug|iPhoneSimulator
		{E8267A92-9093-45C8-9A5E-97C8BCBBC8E4}.Debug|ARM.ActiveCfg = Debug|iPhoneSimulator
		{E8267A92-9093-45C8-9A5E-97C8BCBBC8E4}.Debug|ARM.Build.0 = Debug|iPhoneSimulator
		{E8267A92-9093-45C8-9A5E-97C8BCBBC8E4}.Debug|iPhone.ActiveCfg = Debug|iPhone
		{E8267A92-9093-45C8-9A5E-97C8BCBBC8E4}.Debug|iPhone.Build.0 = Debug|iPhone
		{E8267A92-9093-45C8-9A5E-97C8BCBBC8E4}.Debug|iPhoneSimulator.ActiveCfg = Debug|iPhoneSimulator
		{E8267A92-9093-45C8-9A5E-97C8BCBBC8E4}.Debug|iPhoneSimulator.Build.0 = Debug|iPhoneSimulator
		{E8267A92-9093-45C8-9A5E-97C8BCBBC8E4}.Debug|x86.ActiveCfg = Debug|iPhoneSimulator
		{E8267A92-9093-45C8-9A5E-97C8BCBBC8E4}.Debug|x86.Build.0 = Debug|iPhoneSimulator
		{E8267A92-9093-45C8-9A5E-97C8BCBBC8E4}.Release|Any CPU.ActiveCfg = Release|iPhoneSimulator
		{E8267A92-9093-45C8-9A5E-97C8BCBBC8E4}.Release|Any CPU.Build.0 = Release|iPhoneSimulator
		{E8267A92-9093-45C8-9A5E-97C8BCBBC8E4}.Release|ARM.ActiveCfg = Release|iPhoneSimulator
		{E8267A92-9093-45C8-9A5E-97C8BCBBC8E4}.Release|ARM.Build.0 = Release|iPhoneSimulator
		{E8267A92-9093-45C8-9A5E-97C8BCBBC8E4}.Release|iPhone.ActiveCfg = Release|iPhone
		{E8267A92-9093-45C8-9A5E-97C8BCBBC8E4}.Release|iPhone.Build.0 = Release|iPhone
		{E8267A92-9093-45C8-9A5E-97C8BCBBC8E4}.Release|iPhoneSimulator.ActiveCfg = Release|iPhoneSimulator
		{E8267A92-9093-45C8-9A5E-97C8BCBBC8E4}.Release|iPhoneSimulator.Build.0 = Release|iPhoneSimulator
		{E8267A92-9093-45C8-9A5E-97C8BCBBC8E4}.Release|x86.ActiveCfg = Release|iPhoneSimulator
		{E8267A92-9093-45C8-9A5E-97C8BCBBC8E4}.Release|x86.Build.0 = Release|iPhoneSimulator
		{EB285CD4-B3B9-4A74-B19F-790619DE0C87}.Ad-Hoc|Any CPU.ActiveCfg = Release|Any CPU
		{EB285CD4-B3B9-4A74-B19F-790619DE0C87}.Ad-Hoc|Any CPU.Build.0 = Release|Any CPU
		{EB285CD4-B3B9-4A74-B19F-790619DE0C87}.Ad-Hoc|Any CPU.Deploy.0 = Release|Any CPU
		{EB285CD4-B3B9-4A74-B19F-790619DE0C87}.Ad-Hoc|ARM.ActiveCfg = Release|ARM
		{EB285CD4-B3B9-4A74-B19F-790619DE0C87}.Ad-Hoc|ARM.Build.0 = Release|ARM
		{EB285CD4-B3B9-4A74-B19F-790619DE0C87}.Ad-Hoc|ARM.Deploy.0 = Release|ARM
		{EB285CD4-B3B9-4A74-B19F-790619DE0C87}.Ad-Hoc|iPhone.ActiveCfg = Release|Any CPU
		{EB285CD4-B3B9-4A74-B19F-790619DE0C87}.Ad-Hoc|iPhoneSimulator.ActiveCfg = Release|Any CPU
		{EB285CD4-B3B9-4A74-B19F-790619DE0C87}.Ad-Hoc|x86.ActiveCfg = Release|x86
		{EB285CD4-B3B9-4A74-B19F-790619DE0C87}.Ad-Hoc|x86.Build.0 = Release|x86
		{EB285CD4-B3B9-4A74-B19F-790619DE0C87}.Ad-Hoc|x86.Deploy.0 = Release|x86
		{EB285CD4-B3B9-4A74-B19F-790619DE0C87}.AppStore|Any CPU.ActiveCfg = Release|Any CPU
		{EB285CD4-B3B9-4A74-B19F-790619DE0C87}.AppStore|Any CPU.Build.0 = Release|Any CPU
		{EB285CD4-B3B9-4A74-B19F-790619DE0C87}.AppStore|Any CPU.Deploy.0 = Release|Any CPU
		{EB285CD4-B3B9-4A74-B19F-790619DE0C87}.AppStore|ARM.ActiveCfg = Release|ARM
		{EB285CD4-B3B9-4A74-B19F-790619DE0C87}.AppStore|ARM.Build.0 = Release|ARM
		{EB285CD4-B3B9-4A74-B19F-790619DE0C87}.AppStore|ARM.Deploy.0 = Release|ARM
		{EB285CD4-B3B9-4A74-B19F-790619DE0C87}.AppStore|iPhone.ActiveCfg = Release|Any CPU
		{EB285CD4-B3B9-4A74-B19F-790619DE0C87}.AppStore|iPhoneSimulator.ActiveCfg = Release|Any CPU
		{EB285CD4-B3B9-4A74-B19F-790619DE0C87}.AppStore|x86.ActiveCfg = Release|x86
		{EB285CD4-B3B9-4A74-B19F-790619DE0C87}.AppStore|x86.Build.0 = Release|x86
		{EB285CD4-B3B9-4A74-B19F-790619DE0C87}.AppStore|x86.Deploy.0 = Release|x86
		{EB285CD4-B3B9-4A74-B19F-790619DE0C87}.Debug|Any CPU.ActiveCfg = Debug|Any CPU
		{EB285CD4-B3B9-4A74-B19F-790619DE0C87}.Debug|Any CPU.Build.0 = Debug|Any CPU
		{EB285CD4-B3B9-4A74-B19F-790619DE0C87}.Debug|Any CPU.Deploy.0 = Debug|Any CPU
		{EB285CD4-B3B9-4A74-B19F-790619DE0C87}.Debug|ARM.ActiveCfg = Debug|ARM
		{EB285CD4-B3B9-4A74-B19F-790619DE0C87}.Debug|ARM.Build.0 = Debug|ARM
		{EB285CD4-B3B9-4A74-B19F-790619DE0C87}.Debug|iPhone.ActiveCfg = Debug|Any CPU
		{EB285CD4-B3B9-4A74-B19F-790619DE0C87}.Debug|iPhoneSimulator.ActiveCfg = Debug|Any CPU
		{EB285CD4-B3B9-4A74-B19F-790619DE0C87}.Debug|x86.ActiveCfg = Debug|x86
		{EB285CD4-B3B9-4A74-B19F-790619DE0C87}.Debug|x86.Build.0 = Debug|x86
		{EB285CD4-B3B9-4A74-B19F-790619DE0C87}.Release|Any CPU.ActiveCfg = Release|Any CPU
		{EB285CD4-B3B9-4A74-B19F-790619DE0C87}.Release|Any CPU.Build.0 = Release|Any CPU
		{EB285CD4-B3B9-4A74-B19F-790619DE0C87}.Release|Any CPU.Deploy.0 = Release|Any CPU
		{EB285CD4-B3B9-4A74-B19F-790619DE0C87}.Release|ARM.ActiveCfg = Release|ARM
		{EB285CD4-B3B9-4A74-B19F-790619DE0C87}.Release|ARM.Build.0 = Release|ARM
		{EB285CD4-B3B9-4A74-B19F-790619DE0C87}.Release|iPhone.ActiveCfg = Release|Any CPU
		{EB285CD4-B3B9-4A74-B19F-790619DE0C87}.Release|iPhoneSimulator.ActiveCfg = Release|Any CPU
		{EB285CD4-B3B9-4A74-B19F-790619DE0C87}.Release|x86.ActiveCfg = Release|x86
		{EB285CD4-B3B9-4A74-B19F-790619DE0C87}.Release|x86.Build.0 = Release|x86
	EndGlobalSection
	GlobalSection(MonoDevelopProperties) = preSolution
		StartupItem = Android\Phoneword.Android.csproj
	EndGlobalSection
	GlobalSection(SolutionProperties) = preSolution
		HideSolutionNode = FALSE
	EndGlobalSection
EndGlobal
