
Microsoft Visual Studio Solution File, Format Version 12.00
# Visual Studio 2012
Project("{FAE04EC0-301F-11D3-BF4B-00C04F79EFBC}") = "RandomImagetest", "RandomImagetest\RandomImagetest.csproj", "{B94FCA6D-E6AE-41A8-BAE7-7E6E3337E573}"
EndProject
Global
	GlobalSection(SolutionConfigurationPlatforms) = preSolution
		Debug|iPhoneSimulator = Debug|iPhoneSimulator
		Release|iPhoneSimulator = Release|iPhoneSimulator
		Debug|iPhone = Debug|iPhone
		Release|iPhone = Release|iPhone
		Ad-Hoc|iPhone = Ad-Hoc|iPhone
		AppStore|iPhone = AppStore|iPhone
	EndGlobalSection
	GlobalSection(ProjectConfigurationPlatforms) = postSolution
		{B94FCA6D-E6AE-41A8-BAE7-7E6E3337E573}.Ad-Hoc|iPhone.ActiveCfg = Ad-Hoc|iPhone
		{B94FCA6D-E6AE-41A8-BAE7-7E6E3337E573}.Ad-Hoc|iPhone.Build.0 = Ad-Hoc|iPhone
		{B94FCA6D-E6AE-41A8-BAE7-7E6E3337E573}.AppStore|iPhone.ActiveCfg = AppStore|iPhone
		{B94FCA6D-E6AE-41A8-BAE7-7E6E3337E573}.AppStore|iPhone.Build.0 = AppStore|iPhone
		{B94FCA6D-E6AE-41A8-BAE7-7E6E3337E573}.Debug|iPhone.ActiveCfg = Debug|iPhone
		{B94FCA6D-E6AE-41A8-BAE7-7E6E3337E573}.Debug|iPhone.Build.0 = Debug|iPhone
		{B94FCA6D-E6AE-41A8-BAE7-7E6E3337E573}.Debug|iPhoneSimulator.ActiveCfg = Debug|iPhoneSimulator
		{B94FCA6D-E6AE-41A8-BAE7-7E6E3337E573}.Debug|iPhoneSimulator.Build.0 = Debug|iPhoneSimulator
		{B94FCA6D-E6AE-41A8-BAE7-7E6E3337E573}.Release|iPhone.ActiveCfg = Release|iPhone
		{B94FCA6D-E6AE-41A8-BAE7-7E6E3337E573}.Release|iPhone.Build.0 = Release|iPhone
		{B94FCA6D-E6AE-41A8-BAE7-7E6E3337E573}.Release|iPhoneSimulator.ActiveCfg = Release|iPhoneSimulator
		{B94FCA6D-E6AE-41A8-BAE7-7E6E3337E573}.Release|iPhoneSimulator.Build.0 = Release|iPhoneSimulator
	EndGlobalSection
	GlobalSection(MonoDevelopProperties) = preSolution
		StartupItem = RandomImagetest\RandomImagetest.csproj
	EndGlobalSection
EndGlobal
