
Microsoft Visual Studio Solution File, Format Version 12.00
# Visual Studio 2012
Project("{FAE04EC0-301F-11D3-BF4B-00C04F79EFBC}") = "GreatQuotes.iOS", "GreatQuotes.iOS\GreatQuotes.iOS.csproj", "{7EFA6197-44EC-45A7-B1D7-9FDD88969695}"
EndProject
Project("{FAE04EC0-301F-11D3-BF4B-00C04F79EFBC}") = "GreatQuotes.Android", "GreatQuotes.Android\GreatQuotes.Android.csproj", "{86BC25AB-70F0-499B-9CAC-1B415FD00061}"
EndProject
Project("{FAE04EC0-301F-11D3-BF4B-00C04F79EFBC}") = "GreatQuotes.Data", "GreatQuotes.Data\GreatQuotes.Data.csproj", "{E0C1059B-69CD-4B6E-9729-D8A13D267174}"
EndProject
Global
	GlobalSection(SolutionConfigurationPlatforms) = preSolution
		Debug|iPhoneSimulator = Debug|iPhoneSimulator
		Release|iPhoneSimulator = Release|iPhoneSimulator
		Debug|iPhone = Debug|iPhone
		Release|iPhone = Release|iPhone
		Ad-Hoc|iPhone = Ad-Hoc|iPhone
		AppStore|iPhone = AppStore|iPhone
	EndGlobalSection
	GlobalSection(ProjectConfigurationPlatforms) = postSolution
		{7EFA6197-44EC-45A7-B1D7-9FDD88969695}.Ad-Hoc|iPhone.ActiveCfg = Ad-Hoc|iPhone
		{7EFA6197-44EC-45A7-B1D7-9FDD88969695}.Ad-Hoc|iPhone.Build.0 = Ad-Hoc|iPhone
		{7EFA6197-44EC-45A7-B1D7-9FDD88969695}.AppStore|iPhone.ActiveCfg = AppStore|iPhone
		{7EFA6197-44EC-45A7-B1D7-9FDD88969695}.AppStore|iPhone.Build.0 = AppStore|iPhone
		{7EFA6197-44EC-45A7-B1D7-9FDD88969695}.Debug|iPhone.ActiveCfg = Debug|iPhone
		{7EFA6197-44EC-45A7-B1D7-9FDD88969695}.Debug|iPhone.Build.0 = Debug|iPhone
		{7EFA6197-44EC-45A7-B1D7-9FDD88969695}.Debug|iPhoneSimulator.ActiveCfg = Debug|iPhoneSimulator
		{7EFA6197-44EC-45A7-B1D7-9FDD88969695}.Debug|iPhoneSimulator.Build.0 = Debug|iPhoneSimulator
		{7EFA6197-44EC-45A7-B1D7-9FDD88969695}.Release|iPhone.ActiveCfg = Release|iPhone
		{7EFA6197-44EC-45A7-B1D7-9FDD88969695}.Release|iPhone.Build.0 = Release|iPhone
		{7EFA6197-44EC-45A7-B1D7-9FDD88969695}.Release|iPhoneSimulator.ActiveCfg = Release|iPhoneSimulator
		{7EFA6197-44EC-45A7-B1D7-9FDD88969695}.Release|iPhoneSimulator.Build.0 = Release|iPhoneSimulator
		{86BC25AB-70F0-499B-9CAC-1B415FD00061}.Ad-Hoc|iPhone.ActiveCfg = Release|Any CPU
		{86BC25AB-70F0-499B-9CAC-1B415FD00061}.Ad-Hoc|iPhone.Build.0 = Release|Any CPU
		{86BC25AB-70F0-499B-9CAC-1B415FD00061}.AppStore|iPhone.ActiveCfg = Release|Any CPU
		{86BC25AB-70F0-499B-9CAC-1B415FD00061}.AppStore|iPhone.Build.0 = Release|Any CPU
		{86BC25AB-70F0-499B-9CAC-1B415FD00061}.Debug|iPhone.ActiveCfg = Debug|Any CPU
		{86BC25AB-70F0-499B-9CAC-1B415FD00061}.Debug|iPhone.Build.0 = Debug|Any CPU
		{86BC25AB-70F0-499B-9CAC-1B415FD00061}.Debug|iPhoneSimulator.ActiveCfg = Debug|Any CPU
		{86BC25AB-70F0-499B-9CAC-1B415FD00061}.Debug|iPhoneSimulator.Build.0 = Debug|Any CPU
		{86BC25AB-70F0-499B-9CAC-1B415FD00061}.Release|iPhone.ActiveCfg = Release|Any CPU
		{86BC25AB-70F0-499B-9CAC-1B415FD00061}.Release|iPhone.Build.0 = Release|Any CPU
		{86BC25AB-70F0-499B-9CAC-1B415FD00061}.Release|iPhoneSimulator.ActiveCfg = Release|Any CPU
		{86BC25AB-70F0-499B-9CAC-1B415FD00061}.Release|iPhoneSimulator.Build.0 = Release|Any CPU
		{E0C1059B-69CD-4B6E-9729-D8A13D267174}.Ad-Hoc|iPhone.ActiveCfg = Release|Any CPU
		{E0C1059B-69CD-4B6E-9729-D8A13D267174}.Ad-Hoc|iPhone.Build.0 = Release|Any CPU
		{E0C1059B-69CD-4B6E-9729-D8A13D267174}.AppStore|iPhone.ActiveCfg = Release|Any CPU
		{E0C1059B-69CD-4B6E-9729-D8A13D267174}.AppStore|iPhone.Build.0 = Release|Any CPU
		{E0C1059B-69CD-4B6E-9729-D8A13D267174}.Debug|iPhone.ActiveCfg = Debug|Any CPU
		{E0C1059B-69CD-4B6E-9729-D8A13D267174}.Debug|iPhone.Build.0 = Debug|Any CPU
		{E0C1059B-69CD-4B6E-9729-D8A13D267174}.Debug|iPhoneSimulator.ActiveCfg = Debug|Any CPU
		{E0C1059B-69CD-4B6E-9729-D8A13D267174}.Debug|iPhoneSimulator.Build.0 = Debug|Any CPU
		{E0C1059B-69CD-4B6E-9729-D8A13D267174}.Release|iPhone.ActiveCfg = Release|Any CPU
		{E0C1059B-69CD-4B6E-9729-D8A13D267174}.Release|iPhone.Build.0 = Release|Any CPU
		{E0C1059B-69CD-4B6E-9729-D8A13D267174}.Release|iPhoneSimulator.ActiveCfg = Release|Any CPU
		{E0C1059B-69CD-4B6E-9729-D8A13D267174}.Release|iPhoneSimulator.Build.0 = Release|Any CPU
	EndGlobalSection
	GlobalSection(MonoDevelopProperties) = preSolution
		StartupItem = GreatQuotes.iOS\GreatQuotes.iOS.csproj
	EndGlobalSection
EndGlobal
