
Microsoft Visual Studio Solution File, Format Version 12.00
# Visual Studio 2012
Project("{FAE04EC0-301F-11D3-BF4B-00C04F79EFBC}") = "XamarinUniversity", "XamarinUniversity\XamarinUniversity.csproj", "{0C044720-ACBE-4DDA-98CD-B3B9260349DB}"
EndProject
Global
	GlobalSection(SolutionConfigurationPlatforms) = preSolution
		Debug|Any CPU = Debug|Any CPU
		Release|Any CPU = Release|Any CPU
	EndGlobalSection
	GlobalSection(ProjectConfigurationPlatforms) = postSolution
		{0C044720-ACBE-4DDA-98CD-B3B9260349DB}.Debug|Any CPU.ActiveCfg = Debug|Any CPU
		{0C044720-ACBE-4DDA-98CD-B3B9260349DB}.Debug|Any CPU.Build.0 = Debug|Any CPU
		{0C044720-ACBE-4DDA-98CD-B3B9260349DB}.Release|Any CPU.ActiveCfg = Release|Any CPU
		{0C044720-ACBE-4DDA-98CD-B3B9260349DB}.Release|Any CPU.Build.0 = Release|Any CPU
	EndGlobalSection
	GlobalSection(MonoDevelopProperties) = preSolution
		StartupItem = XamarinUniversity\XamarinUniversity.csproj
	EndGlobalSection
EndGlobal
