
Microsoft Visual Studio Solution File, Format Version 12.00
# Visual Studio 2012
Project("{FAE04EC0-301F-11D3-BF4B-00C04F79EFBC}") = "iOS-UIMapViewPermission", "iOS-UIMapViewPermission\iOS-UIMapViewPermission.csproj", "{FFE8A09A-D4CB-45CA-BF39-6F5D8243EAC3}"
EndProject
Global
	GlobalSection(SolutionConfigurationPlatforms) = preSolution
		Debug|iPhoneSimulator = Debug|iPhoneSimulator
		Release|iPhoneSimulator = Release|iPhoneSimulator
		Debug|iPhone = Debug|iPhone
		Release|iPhone = Release|iPhone
		Ad-Hoc|iPhone = Ad-Hoc|iPhone
		AppStore|iPhone = AppStore|iPhone
	EndGlobalSection
	GlobalSection(ProjectConfigurationPlatforms) = postSolution
		{FFE8A09A-D4CB-45CA-BF39-6F5D8243EAC3}.Ad-Hoc|iPhone.ActiveCfg = Ad-Hoc|iPhone
		{FFE8A09A-D4CB-45CA-BF39-6F5D8243EAC3}.Ad-Hoc|iPhone.Build.0 = Ad-Hoc|iPhone
		{FFE8A09A-D4CB-45CA-BF39-6F5D8243EAC3}.AppStore|iPhone.ActiveCfg = AppStore|iPhone
		{FFE8A09A-D4CB-45CA-BF39-6F5D8243EAC3}.AppStore|iPhone.Build.0 = AppStore|iPhone
		{FFE8A09A-D4CB-45CA-BF39-6F5D8243EAC3}.Debug|iPhone.ActiveCfg = Debug|iPhone
		{FFE8A09A-D4CB-45CA-BF39-6F5D8243EAC3}.Debug|iPhone.Build.0 = Debug|iPhone
		{FFE8A09A-D4CB-45CA-BF39-6F5D8243EAC3}.Debug|iPhoneSimulator.ActiveCfg = Debug|iPhoneSimulator
		{FFE8A09A-D4CB-45CA-BF39-6F5D8243EAC3}.Debug|iPhoneSimulator.Build.0 = Debug|iPhoneSimulator
		{FFE8A09A-D4CB-45CA-BF39-6F5D8243EAC3}.Release|iPhone.ActiveCfg = Release|iPhone
		{FFE8A09A-D4CB-45CA-BF39-6F5D8243EAC3}.Release|iPhone.Build.0 = Release|iPhone
		{FFE8A09A-D4CB-45CA-BF39-6F5D8243EAC3}.Release|iPhoneSimulator.ActiveCfg = Release|iPhoneSimulator
		{FFE8A09A-D4CB-45CA-BF39-6F5D8243EAC3}.Release|iPhoneSimulator.Build.0 = Release|iPhoneSimulator
	EndGlobalSection
	GlobalSection(MonoDevelopProperties) = preSolution
		StartupItem = iOS-UIMapViewPermission\iOS-UIMapViewPermission.csproj
	EndGlobalSection
EndGlobal
