
Microsoft Visual Studio Solution File, Format Version 12.00
# Visual Studio 2012
Project("{FAE04EC0-301F-11D3-BF4B-00C04F79EFBC}") = "UsingDependencyService", "UsingDependencyService\UsingDependencyService.csproj", "{5AD9FD46-4374-48BE-BC7D-744EBC3E2246}"
EndProject
Project("{FAE04EC0-301F-11D3-BF4B-00C04F79EFBC}") = "UsingDependencyService.iOS", "iOS\UsingDependencyService.iOS.csproj", "{E07BC199-BB10-4819-AD64-B30994F36691}"
EndProject
Project("{FAE04EC0-301F-11D3-BF4B-00C04F79EFBC}") = "UsingDependencyService.Android", "Android\UsingDependencyService.Android.csproj", "{D3C7FD13-80AE-492E-B8D9-1E5E90AA8852}"
EndProject
Global
	GlobalSection(SolutionConfigurationPlatforms) = preSolution
		Debug|Any CPU = Debug|Any CPU
		Release|Any CPU = Release|Any CPU
		Debug|iPhoneSimulator = Debug|iPhoneSimulator
		Release|iPhoneSimulator = Release|iPhoneSimulator
		Debug|iPhone = Debug|iPhone
		Release|iPhone = Release|iPhone
		Ad-Hoc|iPhone = Ad-Hoc|iPhone
		AppStore|iPhone = AppStore|iPhone
	EndGlobalSection
	GlobalSection(ProjectConfigurationPlatforms) = postSolution
		{5AD9FD46-4374-48BE-BC7D-744EBC3E2246}.Ad-Hoc|iPhone.ActiveCfg = Debug|Any CPU
		{5AD9FD46-4374-48BE-BC7D-744EBC3E2246}.Ad-Hoc|iPhone.Build.0 = Debug|Any CPU
		{5AD9FD46-4374-48BE-BC7D-744EBC3E2246}.AppStore|iPhone.ActiveCfg = Debug|Any CPU
		{5AD9FD46-4374-48BE-BC7D-744EBC3E2246}.AppStore|iPhone.Build.0 = Debug|Any CPU
		{5AD9FD46-4374-48BE-BC7D-744EBC3E2246}.Debug|Any CPU.ActiveCfg = Debug|Any CPU
		{5AD9FD46-4374-48BE-BC7D-744EBC3E2246}.Debug|Any CPU.Build.0 = Debug|Any CPU
		{5AD9FD46-4374-48BE-BC7D-744EBC3E2246}.Debug|iPhone.ActiveCfg = Debug|Any CPU
		{5AD9FD46-4374-48BE-BC7D-744EBC3E2246}.Debug|iPhone.Build.0 = Debug|Any CPU
		{5AD9FD46-4374-48BE-BC7D-744EBC3E2246}.Debug|iPhoneSimulator.ActiveCfg = Debug|Any CPU
		{5AD9FD46-4374-48BE-BC7D-744EBC3E2246}.Debug|iPhoneSimulator.Build.0 = Debug|Any CPU
		{5AD9FD46-4374-48BE-BC7D-744EBC3E2246}.Release|Any CPU.ActiveCfg = Release|Any CPU
		{5AD9FD46-4374-48BE-BC7D-744EBC3E2246}.Release|Any CPU.Build.0 = Release|Any CPU
		{5AD9FD46-4374-48BE-BC7D-744EBC3E2246}.Release|iPhone.ActiveCfg = Release|Any CPU
		{5AD9FD46-4374-48BE-BC7D-744EBC3E2246}.Release|iPhone.Build.0 = Release|Any CPU
		{5AD9FD46-4374-48BE-BC7D-744EBC3E2246}.Release|iPhoneSimulator.ActiveCfg = Release|Any CPU
		{5AD9FD46-4374-48BE-BC7D-744EBC3E2246}.Release|iPhoneSimulator.Build.0 = Release|Any CPU
		{D3C7FD13-80AE-492E-B8D9-1E5E90AA8852}.Ad-Hoc|iPhone.ActiveCfg = Debug|Any CPU
		{D3C7FD13-80AE-492E-B8D9-1E5E90AA8852}.Ad-Hoc|iPhone.Build.0 = Debug|Any CPU
		{D3C7FD13-80AE-492E-B8D9-1E5E90AA8852}.AppStore|iPhone.ActiveCfg = Debug|Any CPU
		{D3C7FD13-80AE-492E-B8D9-1E5E90AA8852}.AppStore|iPhone.Build.0 = Debug|Any CPU
		{D3C7FD13-80AE-492E-B8D9-1E5E90AA8852}.Debug|Any CPU.ActiveCfg = Debug|Any CPU
		{D3C7FD13-80AE-492E-B8D9-1E5E90AA8852}.Debug|Any CPU.Build.0 = Debug|Any CPU
		{D3C7FD13-80AE-492E-B8D9-1E5E90AA8852}.Debug|iPhone.ActiveCfg = Debug|Any CPU
		{D3C7FD13-80AE-492E-B8D9-1E5E90AA8852}.Debug|iPhone.Build.0 = Debug|Any CPU
		{D3C7FD13-80AE-492E-B8D9-1E5E90AA8852}.Debug|iPhoneSimulator.ActiveCfg = Debug|Any CPU
		{D3C7FD13-80AE-492E-B8D9-1E5E90AA8852}.Debug|iPhoneSimulator.Build.0 = Debug|Any CPU
		{D3C7FD13-80AE-492E-B8D9-1E5E90AA8852}.Release|Any CPU.ActiveCfg = Release|Any CPU
		{D3C7FD13-80AE-492E-B8D9-1E5E90AA8852}.Release|Any CPU.Build.0 = Release|Any CPU
		{D3C7FD13-80AE-492E-B8D9-1E5E90AA8852}.Release|iPhone.ActiveCfg = Release|Any CPU
		{D3C7FD13-80AE-492E-B8D9-1E5E90AA8852}.Release|iPhone.Build.0 = Release|Any CPU
		{D3C7FD13-80AE-492E-B8D9-1E5E90AA8852}.Release|iPhoneSimulator.ActiveCfg = Release|Any CPU
		{D3C7FD13-80AE-492E-B8D9-1E5E90AA8852}.Release|iPhoneSimulator.Build.0 = Release|Any CPU
		{E07BC199-BB10-4819-AD64-B30994F36691}.Ad-Hoc|iPhone.ActiveCfg = Ad-Hoc|iPhone
		{E07BC199-BB10-4819-AD64-B30994F36691}.Ad-Hoc|iPhone.Build.0 = Ad-Hoc|iPhone
		{E07BC199-BB10-4819-AD64-B30994F36691}.AppStore|iPhone.ActiveCfg = AppStore|iPhone
		{E07BC199-BB10-4819-AD64-B30994F36691}.AppStore|iPhone.Build.0 = AppStore|iPhone
		{E07BC199-BB10-4819-AD64-B30994F36691}.Debug|Any CPU.ActiveCfg = Debug|iPhoneSimulator
		{E07BC199-BB10-4819-AD64-B30994F36691}.Debug|Any CPU.Build.0 = Debug|iPhoneSimulator
		{E07BC199-BB10-4819-AD64-B30994F36691}.Debug|iPhone.ActiveCfg = Debug|iPhone
		{E07BC199-BB10-4819-AD64-B30994F36691}.Debug|iPhone.Build.0 = Debug|iPhone
		{E07BC199-BB10-4819-AD64-B30994F36691}.Debug|iPhoneSimulator.ActiveCfg = Debug|iPhoneSimulator
		{E07BC199-BB10-4819-AD64-B30994F36691}.Debug|iPhoneSimulator.Build.0 = Debug|iPhoneSimulator
		{E07BC199-BB10-4819-AD64-B30994F36691}.Release|Any CPU.ActiveCfg = Release|iPhoneSimulator
		{E07BC199-BB10-4819-AD64-B30994F36691}.Release|Any CPU.Build.0 = Release|iPhoneSimulator
		{E07BC199-BB10-4819-AD64-B30994F36691}.Release|iPhone.ActiveCfg = Release|iPhone
		{E07BC199-BB10-4819-AD64-B30994F36691}.Release|iPhone.Build.0 = Release|iPhone
		{E07BC199-BB10-4819-AD64-B30994F36691}.Release|iPhoneSimulator.ActiveCfg = Release|iPhoneSimulator
		{E07BC199-BB10-4819-AD64-B30994F36691}.Release|iPhoneSimulator.Build.0 = Release|iPhoneSimulator
	EndGlobalSection
	GlobalSection(MonoDevelopProperties) = preSolution
		StartupItem = Android\UsingDependencyService.Android.csproj
	EndGlobalSection
EndGlobal
