
Microsoft Visual Studio Solution File, Format Version 12.00
# Visual Studio 2012
Project("{FAE04EC0-301F-11D3-BF4B-00C04F79EFBC}") = "TestShadingiOSDetailPage", "TestShadingiOSDetailPage\TestShadingiOSDetailPage.csproj", "{03373C88-DB19-44DD-B9DB-62B33F3B06C1}"
EndProject
Project("{FAE04EC0-301F-11D3-BF4B-00C04F79EFBC}") = "TestShadingiOSDetailPage.iOS", "iOS\TestShadingiOSDetailPage.iOS.csproj", "{D17CA9EB-B109-4556-BBD7-A06E1E2314A1}"
EndProject
Project("{FAE04EC0-301F-11D3-BF4B-00C04F79EFBC}") = "TestShadingiOSDetailPage.Droid", "Droid\TestShadingiOSDetailPage.Droid.csproj", "{14282209-1E5C-43DE-BCFA-568B178D4677}"
EndProject
Global
	GlobalSection(SolutionConfigurationPlatforms) = preSolution
		Debug|Any CPU = Debug|Any CPU
		Release|Any CPU = Release|Any CPU
		Debug|iPhoneSimulator = Debug|iPhoneSimulator
		Release|iPhoneSimulator = Release|iPhoneSimulator
		Debug|iPhone = Debug|iPhone
		Release|iPhone = Release|iPhone
		Ad-Hoc|iPhone = Ad-Hoc|iPhone
		AppStore|iPhone = AppStore|iPhone
	EndGlobalSection
	GlobalSection(ProjectConfigurationPlatforms) = postSolution
		{03373C88-DB19-44DD-B9DB-62B33F3B06C1}.Ad-Hoc|iPhone.ActiveCfg = Debug|Any CPU
		{03373C88-DB19-44DD-B9DB-62B33F3B06C1}.Ad-Hoc|iPhone.Build.0 = Debug|Any CPU
		{03373C88-DB19-44DD-B9DB-62B33F3B06C1}.AppStore|iPhone.ActiveCfg = Debug|Any CPU
		{03373C88-DB19-44DD-B9DB-62B33F3B06C1}.AppStore|iPhone.Build.0 = Debug|Any CPU
		{03373C88-DB19-44DD-B9DB-62B33F3B06C1}.Debug|Any CPU.ActiveCfg = Debug|Any CPU
		{03373C88-DB19-44DD-B9DB-62B33F3B06C1}.Debug|Any CPU.Build.0 = Debug|Any CPU
		{03373C88-DB19-44DD-B9DB-62B33F3B06C1}.Debug|iPhone.ActiveCfg = Debug|Any CPU
		{03373C88-DB19-44DD-B9DB-62B33F3B06C1}.Debug|iPhone.Build.0 = Debug|Any CPU
		{03373C88-DB19-44DD-B9DB-62B33F3B06C1}.Debug|iPhoneSimulator.ActiveCfg = Debug|Any CPU
		{03373C88-DB19-44DD-B9DB-62B33F3B06C1}.Debug|iPhoneSimulator.Build.0 = Debug|Any CPU
		{03373C88-DB19-44DD-B9DB-62B33F3B06C1}.Release|Any CPU.ActiveCfg = Release|Any CPU
		{03373C88-DB19-44DD-B9DB-62B33F3B06C1}.Release|Any CPU.Build.0 = Release|Any CPU
		{03373C88-DB19-44DD-B9DB-62B33F3B06C1}.Release|iPhone.ActiveCfg = Release|Any CPU
		{03373C88-DB19-44DD-B9DB-62B33F3B06C1}.Release|iPhone.Build.0 = Release|Any CPU
		{03373C88-DB19-44DD-B9DB-62B33F3B06C1}.Release|iPhoneSimulator.ActiveCfg = Release|Any CPU
		{03373C88-DB19-44DD-B9DB-62B33F3B06C1}.Release|iPhoneSimulator.Build.0 = Release|Any CPU
		{14282209-1E5C-43DE-BCFA-568B178D4677}.Ad-Hoc|iPhone.ActiveCfg = Release|Any CPU
		{14282209-1E5C-43DE-BCFA-568B178D4677}.Ad-Hoc|iPhone.Build.0 = Release|Any CPU
		{14282209-1E5C-43DE-BCFA-568B178D4677}.AppStore|iPhone.ActiveCfg = Release|Any CPU
		{14282209-1E5C-43DE-BCFA-568B178D4677}.AppStore|iPhone.Build.0 = Release|Any CPU
		{14282209-1E5C-43DE-BCFA-568B178D4677}.Debug|Any CPU.ActiveCfg = Debug|Any CPU
		{14282209-1E5C-43DE-BCFA-568B178D4677}.Debug|Any CPU.Build.0 = Debug|Any CPU
		{14282209-1E5C-43DE-BCFA-568B178D4677}.Debug|iPhone.ActiveCfg = Debug|Any CPU
		{14282209-1E5C-43DE-BCFA-568B178D4677}.Debug|iPhone.Build.0 = Debug|Any CPU
		{14282209-1E5C-43DE-BCFA-568B178D4677}.Debug|iPhoneSimulator.ActiveCfg = Debug|Any CPU
		{14282209-1E5C-43DE-BCFA-568B178D4677}.Debug|iPhoneSimulator.Build.0 = Debug|Any CPU
		{14282209-1E5C-43DE-BCFA-568B178D4677}.Release|Any CPU.ActiveCfg = Release|Any CPU
		{14282209-1E5C-43DE-BCFA-568B178D4677}.Release|Any CPU.Build.0 = Release|Any CPU
		{14282209-1E5C-43DE-BCFA-568B178D4677}.Release|iPhone.ActiveCfg = Release|Any CPU
		{14282209-1E5C-43DE-BCFA-568B178D4677}.Release|iPhone.Build.0 = Release|Any CPU
		{14282209-1E5C-43DE-BCFA-568B178D4677}.Release|iPhoneSimulator.ActiveCfg = Release|Any CPU
		{14282209-1E5C-43DE-BCFA-568B178D4677}.Release|iPhoneSimulator.Build.0 = Release|Any CPU
		{D17CA9EB-B109-4556-BBD7-A06E1E2314A1}.Ad-Hoc|iPhone.ActiveCfg = Ad-Hoc|iPhone
		{D17CA9EB-B109-4556-BBD7-A06E1E2314A1}.Ad-Hoc|iPhone.Build.0 = Ad-Hoc|iPhone
		{D17CA9EB-B109-4556-BBD7-A06E1E2314A1}.AppStore|iPhone.ActiveCfg = AppStore|iPhone
		{D17CA9EB-B109-4556-BBD7-A06E1E2314A1}.AppStore|iPhone.Build.0 = AppStore|iPhone
		{D17CA9EB-B109-4556-BBD7-A06E1E2314A1}.Debug|Any CPU.ActiveCfg = Debug|iPhoneSimulator
		{D17CA9EB-B109-4556-BBD7-A06E1E2314A1}.Debug|Any CPU.Build.0 = Debug|iPhoneSimulator
		{D17CA9EB-B109-4556-BBD7-A06E1E2314A1}.Debug|iPhone.ActiveCfg = Debug|iPhone
		{D17CA9EB-B109-4556-BBD7-A06E1E2314A1}.Debug|iPhone.Build.0 = Debug|iPhone
		{D17CA9EB-B109-4556-BBD7-A06E1E2314A1}.Debug|iPhoneSimulator.ActiveCfg = Debug|iPhoneSimulator
		{D17CA9EB-B109-4556-BBD7-A06E1E2314A1}.Debug|iPhoneSimulator.Build.0 = Debug|iPhoneSimulator
		{D17CA9EB-B109-4556-BBD7-A06E1E2314A1}.Release|Any CPU.ActiveCfg = Release|iPhoneSimulator
		{D17CA9EB-B109-4556-BBD7-A06E1E2314A1}.Release|Any CPU.Build.0 = Release|iPhoneSimulator
		{D17CA9EB-B109-4556-BBD7-A06E1E2314A1}.Release|iPhone.ActiveCfg = Release|iPhone
		{D17CA9EB-B109-4556-BBD7-A06E1E2314A1}.Release|iPhone.Build.0 = Release|iPhone
		{D17CA9EB-B109-4556-BBD7-A06E1E2314A1}.Release|iPhoneSimulator.ActiveCfg = Release|iPhoneSimulator
		{D17CA9EB-B109-4556-BBD7-A06E1E2314A1}.Release|iPhoneSimulator.Build.0 = Release|iPhoneSimulator
	EndGlobalSection
EndGlobal
