
Microsoft Visual Studio Solution File, Format Version 11.00
# Visual Studio 2010
Project("{FAE04EC0-301F-11D3-BF4B-00C04F79EFBC}") = "Stest", "xxx\Stest.csproj", "{A2B37E0A-DAC8-4CE2-8656-F6996193E08D}"
EndProject
Project("{FAE04EC0-301F-11D3-BF4B-00C04F79EFBC}") = "Stest.Android", "xxx.Android\Stest.Android.csproj", "{3D03630D-8351-4211-9032-B1E860ACB8B0}"
EndProject
Project("{FAE04EC0-301F-11D3-BF4B-00C04F79EFBC}") = "TestFailException", "TestFailException\TestFailException.csproj", "{3C639082-7507-495D-9561-7F93D5AF7CCF}"
EndProject
Global
	GlobalSection(SolutionConfigurationPlatforms) = preSolution
		Debug|iPhoneSimulator = Debug|iPhoneSimulator
		Release|iPhoneSimulator = Release|iPhoneSimulator
		Debug|iPhone = Debug|iPhone
		Release|iPhone = Release|iPhone
		Ad-Hoc|iPhone = Ad-Hoc|iPhone
		AppStore|iPhone = AppStore|iPhone
		Jons|Any CPU = Jons|Any CPU
	EndGlobalSection
	GlobalSection(ProjectConfigurationPlatforms) = postSolution
		{3C639082-7507-495D-9561-7F93D5AF7CCF}.Ad-Hoc|iPhone.ActiveCfg = Release|Any CPU
		{3C639082-7507-495D-9561-7F93D5AF7CCF}.Ad-Hoc|iPhone.Build.0 = Release|Any CPU
		{3C639082-7507-495D-9561-7F93D5AF7CCF}.AppStore|iPhone.ActiveCfg = Release|Any CPU
		{3C639082-7507-495D-9561-7F93D5AF7CCF}.AppStore|iPhone.Build.0 = Release|Any CPU
		{3C639082-7507-495D-9561-7F93D5AF7CCF}.Debug|iPhone.ActiveCfg = Debug|Any CPU
		{3C639082-7507-495D-9561-7F93D5AF7CCF}.Debug|iPhone.Build.0 = Debug|Any CPU
		{3C639082-7507-495D-9561-7F93D5AF7CCF}.Debug|iPhoneSimulator.ActiveCfg = Debug|Any CPU
		{3C639082-7507-495D-9561-7F93D5AF7CCF}.Debug|iPhoneSimulator.Build.0 = Debug|Any CPU
		{3C639082-7507-495D-9561-7F93D5AF7CCF}.Jons|Any CPU.ActiveCfg = Release|Any CPU
		{3C639082-7507-495D-9561-7F93D5AF7CCF}.Jons|Any CPU.Build.0 = Release|Any CPU
		{3C639082-7507-495D-9561-7F93D5AF7CCF}.Release|iPhone.ActiveCfg = Release|Any CPU
		{3C639082-7507-495D-9561-7F93D5AF7CCF}.Release|iPhone.Build.0 = Release|Any CPU
		{3C639082-7507-495D-9561-7F93D5AF7CCF}.Release|iPhoneSimulator.ActiveCfg = Release|Any CPU
		{3C639082-7507-495D-9561-7F93D5AF7CCF}.Release|iPhoneSimulator.Build.0 = Release|Any CPU
		{3D03630D-8351-4211-9032-B1E860ACB8B0}.Ad-Hoc|iPhone.ActiveCfg = Release|Any CPU
		{3D03630D-8351-4211-9032-B1E860ACB8B0}.Ad-Hoc|iPhone.Build.0 = Release|Any CPU
		{3D03630D-8351-4211-9032-B1E860ACB8B0}.AppStore|iPhone.ActiveCfg = Release|Any CPU
		{3D03630D-8351-4211-9032-B1E860ACB8B0}.AppStore|iPhone.Build.0 = Release|Any CPU
		{3D03630D-8351-4211-9032-B1E860ACB8B0}.Debug|iPhone.ActiveCfg = Debug|Any CPU
		{3D03630D-8351-4211-9032-B1E860ACB8B0}.Debug|iPhone.Build.0 = Debug|Any CPU
		{3D03630D-8351-4211-9032-B1E860ACB8B0}.Debug|iPhoneSimulator.ActiveCfg = Debug|Any CPU
		{3D03630D-8351-4211-9032-B1E860ACB8B0}.Debug|iPhoneSimulator.Build.0 = Debug|Any CPU
		{3D03630D-8351-4211-9032-B1E860ACB8B0}.Jons|Any CPU.ActiveCfg = Jons|Any CPU
		{3D03630D-8351-4211-9032-B1E860ACB8B0}.Jons|Any CPU.Build.0 = Jons|Any CPU
		{3D03630D-8351-4211-9032-B1E860ACB8B0}.Release|iPhone.ActiveCfg = Release|Any CPU
		{3D03630D-8351-4211-9032-B1E860ACB8B0}.Release|iPhone.Build.0 = Release|Any CPU
		{3D03630D-8351-4211-9032-B1E860ACB8B0}.Release|iPhoneSimulator.ActiveCfg = Release|Any CPU
		{3D03630D-8351-4211-9032-B1E860ACB8B0}.Release|iPhoneSimulator.Build.0 = Release|Any CPU
		{A2B37E0A-DAC8-4CE2-8656-F6996193E08D}.Ad-Hoc|iPhone.ActiveCfg = Ad-Hoc|iPhone
		{A2B37E0A-DAC8-4CE2-8656-F6996193E08D}.Ad-Hoc|iPhone.Build.0 = Ad-Hoc|iPhone
		{A2B37E0A-DAC8-4CE2-8656-F6996193E08D}.AppStore|iPhone.ActiveCfg = AppStore|iPhone
		{A2B37E0A-DAC8-4CE2-8656-F6996193E08D}.AppStore|iPhone.Build.0 = AppStore|iPhone
		{A2B37E0A-DAC8-4CE2-8656-F6996193E08D}.Debug|iPhone.ActiveCfg = Debug|iPhone
		{A2B37E0A-DAC8-4CE2-8656-F6996193E08D}.Debug|iPhone.Build.0 = Debug|iPhone
		{A2B37E0A-DAC8-4CE2-8656-F6996193E08D}.Debug|iPhoneSimulator.ActiveCfg = Debug|iPhoneSimulator
		{A2B37E0A-DAC8-4CE2-8656-F6996193E08D}.Debug|iPhoneSimulator.Build.0 = Debug|iPhoneSimulator
		{A2B37E0A-DAC8-4CE2-8656-F6996193E08D}.Jons|Any CPU.ActiveCfg = Jons|Any CPU
		{A2B37E0A-DAC8-4CE2-8656-F6996193E08D}.Jons|Any CPU.Build.0 = Jons|Any CPU
		{A2B37E0A-DAC8-4CE2-8656-F6996193E08D}.Release|iPhone.ActiveCfg = Release|iPhone
		{A2B37E0A-DAC8-4CE2-8656-F6996193E08D}.Release|iPhone.Build.0 = Release|iPhone
		{A2B37E0A-DAC8-4CE2-8656-F6996193E08D}.Release|iPhoneSimulator.ActiveCfg = Release|iPhoneSimulator
		{A2B37E0A-DAC8-4CE2-8656-F6996193E08D}.Release|iPhoneSimulator.Build.0 = Release|iPhoneSimulator
	EndGlobalSection
	GlobalSection(MonoDevelopProperties) = preSolution
		StartupItem = xxx\Stest.csproj
	EndGlobalSection
EndGlobal
