
Microsoft Visual Studio Solution File, Format Version 12.00
# Visual Studio 2012
Project("{FAE04EC0-301F-11D3-BF4B-00C04F79EFBC}") = "iOS-UICollectionViewCustomLayout", "iOS-UICollectionViewCustomLayout\iOS-UICollectionViewCustomLayout.csproj", "{A473069C-AC5C-48D5-939F-5EEC6CE1CCF3}"
EndProject
Global
	GlobalSection(SolutionConfigurationPlatforms) = preSolution
		Debug|iPhoneSimulator = Debug|iPhoneSimulator
		Release|iPhoneSimulator = Release|iPhoneSimulator
		Debug|iPhone = Debug|iPhone
		Release|iPhone = Release|iPhone
		Ad-Hoc|iPhone = Ad-Hoc|iPhone
		AppStore|iPhone = AppStore|iPhone
	EndGlobalSection
	GlobalSection(ProjectConfigurationPlatforms) = postSolution
		{A473069C-AC5C-48D5-939F-5EEC6CE1CCF3}.Ad-Hoc|iPhone.ActiveCfg = Ad-Hoc|iPhone
		{A473069C-AC5C-48D5-939F-5EEC6CE1CCF3}.Ad-Hoc|iPhone.Build.0 = Ad-Hoc|iPhone
		{A473069C-AC5C-48D5-939F-5EEC6CE1CCF3}.AppStore|iPhone.ActiveCfg = AppStore|iPhone
		{A473069C-AC5C-48D5-939F-5EEC6CE1CCF3}.AppStore|iPhone.Build.0 = AppStore|iPhone
		{A473069C-AC5C-48D5-939F-5EEC6CE1CCF3}.Debug|iPhone.ActiveCfg = Debug|iPhone
		{A473069C-AC5C-48D5-939F-5EEC6CE1CCF3}.Debug|iPhone.Build.0 = Debug|iPhone
		{A473069C-AC5C-48D5-939F-5EEC6CE1CCF3}.Debug|iPhoneSimulator.ActiveCfg = Debug|iPhoneSimulator
		{A473069C-AC5C-48D5-939F-5EEC6CE1CCF3}.Debug|iPhoneSimulator.Build.0 = Debug|iPhoneSimulator
		{A473069C-AC5C-48D5-939F-5EEC6CE1CCF3}.Release|iPhone.ActiveCfg = Release|iPhone
		{A473069C-AC5C-48D5-939F-5EEC6CE1CCF3}.Release|iPhone.Build.0 = Release|iPhone
		{A473069C-AC5C-48D5-939F-5EEC6CE1CCF3}.Release|iPhoneSimulator.ActiveCfg = Release|iPhoneSimulator
		{A473069C-AC5C-48D5-939F-5EEC6CE1CCF3}.Release|iPhoneSimulator.Build.0 = Release|iPhoneSimulator
	EndGlobalSection
	GlobalSection(MonoDevelopProperties) = preSolution
		StartupItem = iOS-UICollectionViewCustomLayout\iOS-UICollectionViewCustomLayout.csproj
	EndGlobalSection
EndGlobal
