
Microsoft Visual Studio Solution File, Format Version 12.00
# Visual Studio 2012
Project("{FAE04EC0-301F-11D3-BF4B-00C04F79EFBC}") = "Lab1.AsyncWork", "AsyncWork\Lab1.AsyncWork.csproj", "{7EE767BA-35C8-4C25-BE47-E192708B208A}"
EndProject
Global
	GlobalSection(SolutionConfigurationPlatforms) = preSolution
		Debug|Any CPU = Debug|Any CPU
		Release|Any CPU = Release|Any CPU
	EndGlobalSection
	GlobalSection(ProjectConfigurationPlatforms) = postSolution
		{7EE767BA-35C8-4C25-BE47-E192708B208A}.Debug|Any CPU.ActiveCfg = Debug|Any CPU
		{7EE767BA-35C8-4C25-BE47-E192708B208A}.Debug|Any CPU.Build.0 = Debug|Any CPU
		{7EE767BA-35C8-4C25-BE47-E192708B208A}.Release|Any CPU.ActiveCfg = Release|Any CPU
		{7EE767BA-35C8-4C25-BE47-E192708B208A}.Release|Any CPU.Build.0 = Release|Any CPU
	EndGlobalSection
	GlobalSection(MonoDevelopProperties) = preSolution
		StartupItem = AsyncWork\Lab1.AsyncWork.csproj
	EndGlobalSection
EndGlobal
