
Microsoft Visual Studio Solution File, Format Version 11.00
# Visual Studio 2010
Project("{FAE04EC0-301F-11D3-BF4B-00C04F79EFBC}") = "GeoMobyAccess", "GeoMobyAccess\GeoMobyAccess.csproj", "{45E14A8F-64F2-4050-8A66-4388DA978EDB}"
EndProject
Project("{FAE04EC0-301F-11D3-BF4B-00C04F79EFBC}") = "GeoMobyTest", "GeoMobyTest\GeoMobyTest.csproj", "{08516B5A-891B-459C-AC93-67B54A02B6D0}"
EndProject
Global
	GlobalSection(SolutionConfigurationPlatforms) = preSolution
		Debug|Any CPU = Debug|Any CPU
		Release|Any CPU = Release|Any CPU
	EndGlobalSection
	GlobalSection(ProjectConfigurationPlatforms) = postSolution
		{08516B5A-891B-459C-AC93-67B54A02B6D0}.Debug|Any CPU.ActiveCfg = Debug|Any CPU
		{08516B5A-891B-459C-AC93-67B54A02B6D0}.Debug|Any CPU.Build.0 = Debug|Any CPU
		{08516B5A-891B-459C-AC93-67B54A02B6D0}.Release|Any CPU.ActiveCfg = Release|Any CPU
		{08516B5A-891B-459C-AC93-67B54A02B6D0}.Release|Any CPU.Build.0 = Release|Any CPU
		{45E14A8F-64F2-4050-8A66-4388DA978EDB}.Debug|Any CPU.ActiveCfg = Debug|Any CPU
		{45E14A8F-64F2-4050-8A66-4388DA978EDB}.Debug|Any CPU.Build.0 = Debug|Any CPU
		{45E14A8F-64F2-4050-8A66-4388DA978EDB}.Release|Any CPU.ActiveCfg = Release|Any CPU
		{45E14A8F-64F2-4050-8A66-4388DA978EDB}.Release|Any CPU.Build.0 = Release|Any CPU
	EndGlobalSection
	GlobalSection(MonoDevelopProperties) = preSolution
		StartupItem = GeoMobyTest\GeoMobyTest.csproj
	EndGlobalSection
EndGlobal
