
Microsoft Visual Studio Solution File, Format Version 12.00
# Visual Studio 2012
Project("{FAE04EC0-301F-11D3-BF4B-00C04F79EFBC}") = "Lab2.GCAndMe", "Lab2.GCAndMe\Lab2.GCAndMe.csproj", "{563FDB70-5612-4AFF-8D7A-C531B3CA75F9}"
EndProject
Global
	GlobalSection(SolutionConfigurationPlatforms) = preSolution
		Debug|iPhoneSimulator = Debug|iPhoneSimulator
		Release|iPhoneSimulator = Release|iPhoneSimulator
		Debug|iPhone = Debug|iPhone
		Release|iPhone = Release|iPhone
		Ad-Hoc|iPhone = Ad-Hoc|iPhone
		AppStore|iPhone = AppStore|iPhone
	EndGlobalSection
	GlobalSection(ProjectConfigurationPlatforms) = postSolution
		{563FDB70-5612-4AFF-8D7A-C531B3CA75F9}.Ad-Hoc|iPhone.ActiveCfg = Ad-Hoc|iPhone
		{563FDB70-5612-4AFF-8D7A-C531B3CA75F9}.Ad-Hoc|iPhone.Build.0 = Ad-Hoc|iPhone
		{563FDB70-5612-4AFF-8D7A-C531B3CA75F9}.AppStore|iPhone.ActiveCfg = AppStore|iPhone
		{563FDB70-5612-4AFF-8D7A-C531B3CA75F9}.AppStore|iPhone.Build.0 = AppStore|iPhone
		{563FDB70-5612-4AFF-8D7A-C531B3CA75F9}.Debug|iPhone.ActiveCfg = Debug|iPhone
		{563FDB70-5612-4AFF-8D7A-C531B3CA75F9}.Debug|iPhone.Build.0 = Debug|iPhone
		{563FDB70-5612-4AFF-8D7A-C531B3CA75F9}.Debug|iPhoneSimulator.ActiveCfg = Debug|iPhoneSimulator
		{563FDB70-5612-4AFF-8D7A-C531B3CA75F9}.Debug|iPhoneSimulator.Build.0 = Debug|iPhoneSimulator
		{563FDB70-5612-4AFF-8D7A-C531B3CA75F9}.Release|iPhone.ActiveCfg = Release|iPhone
		{563FDB70-5612-4AFF-8D7A-C531B3CA75F9}.Release|iPhone.Build.0 = Release|iPhone
		{563FDB70-5612-4AFF-8D7A-C531B3CA75F9}.Release|iPhoneSimulator.ActiveCfg = Release|iPhoneSimulator
		{563FDB70-5612-4AFF-8D7A-C531B3CA75F9}.Release|iPhoneSimulator.Build.0 = Release|iPhoneSimulator
	EndGlobalSection
	GlobalSection(MonoDevelopProperties) = preSolution
		StartupItem = Lab2.GCAndMe\Lab2.GCAndMe.csproj
	EndGlobalSection
EndGlobal
