
Microsoft Visual Studio Solution File, Format Version 12.00
# Visual Studio 2012
Project("{FAE04EC0-301F-11D3-BF4B-00C04F79EFBC}") = "NSTableViewTest", "NSTableViewTest\NSTableViewTest.csproj", "{65D46F37-7C72-4978-BA0A-079161203D37}"
EndProject
Global
	GlobalSection(SolutionConfigurationPlatforms) = preSolution
		Debug|Any CPU = Debug|Any CPU
		Release|Any CPU = Release|Any CPU
	EndGlobalSection
	GlobalSection(ProjectConfigurationPlatforms) = postSolution
		{65D46F37-7C72-4978-BA0A-079161203D37}.Debug|Any CPU.ActiveCfg = Debug|Any CPU
		{65D46F37-7C72-4978-BA0A-079161203D37}.Debug|Any CPU.Build.0 = Debug|Any CPU
		{65D46F37-7C72-4978-BA0A-079161203D37}.Release|Any CPU.ActiveCfg = Release|Any CPU
		{65D46F37-7C72-4978-BA0A-079161203D37}.Release|Any CPU.Build.0 = Release|Any CPU
	EndGlobalSection
EndGlobal
