
Microsoft Visual Studio Solution File, Format Version 11.00
# Visual Studio 2010
Project("{FAE04EC0-301F-11D3-BF4B-00C04F79EFBC}") = "HelloWorld", "HelloWorld\HelloWorld.csproj", "{BFF83FE7-0041-40BC-8B35-7F27F08163A6}"
EndProject
Global
	GlobalSection(SolutionConfigurationPlatforms) = preSolution
		Debug|Any CPU = Debug|Any CPU
		Release|Any CPU = Release|Any CPU
	EndGlobalSection
	GlobalSection(ProjectConfigurationPlatforms) = postSolution
		{BFF83FE7-0041-40BC-8B35-7F27F08163A6}.Debug|Any CPU.ActiveCfg = Debug|Any CPU
		{BFF83FE7-0041-40BC-8B35-7F27F08163A6}.Debug|Any CPU.Build.0 = Debug|Any CPU
		{BFF83FE7-0041-40BC-8B35-7F27F08163A6}.Release|Any CPU.ActiveCfg = Release|Any CPU
		{BFF83FE7-0041-40BC-8B35-7F27F08163A6}.Release|Any CPU.Build.0 = Release|Any CPU
	EndGlobalSection
	GlobalSection(MonoDevelopProperties) = preSolution
		StartupItem = HelloWorld\HelloWorld.csproj
	EndGlobalSection
EndGlobal
