
Microsoft Visual Studio Solution File, Format Version 12.00
# Visual Studio 2012
Project("{FAE04EC0-301F-11D3-BF4B-00C04F79EFBC}") = "AndroidVideoEmbedded", "AndroidVideoEmbedded\AndroidVideoEmbedded.csproj", "{6D0998AB-460D-45CB-BF81-42AFCBD21D29}"
EndProject
Global
	GlobalSection(SolutionConfigurationPlatforms) = preSolution
		Debug|Any CPU = Debug|Any CPU
		Release|Any CPU = Release|Any CPU
	EndGlobalSection
	GlobalSection(ProjectConfigurationPlatforms) = postSolution
		{6D0998AB-460D-45CB-BF81-42AFCBD21D29}.Debug|Any CPU.ActiveCfg = Debug|Any CPU
		{6D0998AB-460D-45CB-BF81-42AFCBD21D29}.Debug|Any CPU.Build.0 = Debug|Any CPU
		{6D0998AB-460D-45CB-BF81-42AFCBD21D29}.Release|Any CPU.ActiveCfg = Release|Any CPU
		{6D0998AB-460D-45CB-BF81-42AFCBD21D29}.Release|Any CPU.Build.0 = Release|Any CPU
	EndGlobalSection
	GlobalSection(MonoDevelopProperties) = preSolution
		StartupItem = AndroidVideoEmbedded\AndroidVideoEmbedded.csproj
	EndGlobalSection
EndGlobal
