
Microsoft Visual Studio Solution File, Format Version 12.00
# Visual Studio 2012
Project("{FAE04EC0-301F-11D3-BF4B-00C04F79EFBC}") = "HelloWorldWcfHost", "HelloWorldWcfHost\HelloWorldWcfHost.csproj", "{5FAEB3F0-3BC6-49F2-B2D7-C52083213D2D}"
EndProject
Project("{FAE04EC0-301F-11D3-BF4B-00C04F79EFBC}") = "HelloWorld.Droid", "HelloWorld.Droid\HelloWorld.Droid.csproj", "{742D8245-F2C1-4A7D-8132-9AEA801932C1}"
EndProject
Project("{FAE04EC0-301F-11D3-BF4B-00C04F79EFBC}") = "HelloWorld.iOS", "HelloWorld.iOS\HelloWorld.iOS.csproj", "{CF049D86-2E0E-4AF4-B317-E166B2A5EF0D}"
EndProject
Global
	GlobalSection(SolutionConfigurationPlatforms) = preSolution
		Ad-Hoc|Any CPU = Ad-Hoc|Any CPU
		Ad-Hoc|iPhone = Ad-Hoc|iPhone
		Ad-Hoc|iPhoneSimulator = Ad-Hoc|iPhoneSimulator
		Ad-Hoc|Mixed Platforms = Ad-Hoc|Mixed Platforms
		AppStore|Any CPU = AppStore|Any CPU
		AppStore|iPhone = AppStore|iPhone
		AppStore|iPhoneSimulator = AppStore|iPhoneSimulator
		AppStore|Mixed Platforms = AppStore|Mixed Platforms
		Debug|Any CPU = Debug|Any CPU
		Debug|iPhone = Debug|iPhone
		Debug|iPhoneSimulator = Debug|iPhoneSimulator
		Debug|Mixed Platforms = Debug|Mixed Platforms
		Release|Any CPU = Release|Any CPU
		Release|iPhone = Release|iPhone
		Release|iPhoneSimulator = Release|iPhoneSimulator
		Release|Mixed Platforms = Release|Mixed Platforms
	EndGlobalSection
	GlobalSection(ProjectConfigurationPlatforms) = postSolution
		{5FAEB3F0-3BC6-49F2-B2D7-C52083213D2D}.Ad-Hoc|Any CPU.ActiveCfg = Release|Any CPU
		{5FAEB3F0-3BC6-49F2-B2D7-C52083213D2D}.Ad-Hoc|Any CPU.Build.0 = Release|Any CPU
		{5FAEB3F0-3BC6-49F2-B2D7-C52083213D2D}.Ad-Hoc|iPhone.ActiveCfg = Release|Any CPU
		{5FAEB3F0-3BC6-49F2-B2D7-C52083213D2D}.Ad-Hoc|iPhoneSimulator.ActiveCfg = Release|Any CPU
		{5FAEB3F0-3BC6-49F2-B2D7-C52083213D2D}.Ad-Hoc|Mixed Platforms.ActiveCfg = Release|Any CPU
		{5FAEB3F0-3BC6-49F2-B2D7-C52083213D2D}.Ad-Hoc|Mixed Platforms.Build.0 = Release|Any CPU
		{5FAEB3F0-3BC6-49F2-B2D7-C52083213D2D}.AppStore|Any CPU.ActiveCfg = Release|Any CPU
		{5FAEB3F0-3BC6-49F2-B2D7-C52083213D2D}.AppStore|Any CPU.Build.0 = Release|Any CPU
		{5FAEB3F0-3BC6-49F2-B2D7-C52083213D2D}.AppStore|iPhone.ActiveCfg = Release|Any CPU
		{5FAEB3F0-3BC6-49F2-B2D7-C52083213D2D}.AppStore|iPhoneSimulator.ActiveCfg = Release|Any CPU
		{5FAEB3F0-3BC6-49F2-B2D7-C52083213D2D}.AppStore|Mixed Platforms.ActiveCfg = Release|Any CPU
		{5FAEB3F0-3BC6-49F2-B2D7-C52083213D2D}.AppStore|Mixed Platforms.Build.0 = Release|Any CPU
		{5FAEB3F0-3BC6-49F2-B2D7-C52083213D2D}.Debug|Any CPU.ActiveCfg = Debug|Any CPU
		{5FAEB3F0-3BC6-49F2-B2D7-C52083213D2D}.Debug|Any CPU.Build.0 = Debug|Any CPU
		{5FAEB3F0-3BC6-49F2-B2D7-C52083213D2D}.Debug|iPhone.ActiveCfg = Debug|Any CPU
		{5FAEB3F0-3BC6-49F2-B2D7-C52083213D2D}.Debug|iPhoneSimulator.ActiveCfg = Debug|Any CPU
		{5FAEB3F0-3BC6-49F2-B2D7-C52083213D2D}.Debug|iPhoneSimulator.Build.0 = Debug|Any CPU
		{5FAEB3F0-3BC6-49F2-B2D7-C52083213D2D}.Debug|Mixed Platforms.ActiveCfg = Debug|Any CPU
		{5FAEB3F0-3BC6-49F2-B2D7-C52083213D2D}.Debug|Mixed Platforms.Build.0 = Debug|Any CPU
		{5FAEB3F0-3BC6-49F2-B2D7-C52083213D2D}.Release|Any CPU.ActiveCfg = Release|Any CPU
		{5FAEB3F0-3BC6-49F2-B2D7-C52083213D2D}.Release|Any CPU.Build.0 = Release|Any CPU
		{5FAEB3F0-3BC6-49F2-B2D7-C52083213D2D}.Release|iPhone.ActiveCfg = Release|Any CPU
		{5FAEB3F0-3BC6-49F2-B2D7-C52083213D2D}.Release|iPhoneSimulator.ActiveCfg = Release|Any CPU
		{5FAEB3F0-3BC6-49F2-B2D7-C52083213D2D}.Release|Mixed Platforms.ActiveCfg = Release|Any CPU
		{5FAEB3F0-3BC6-49F2-B2D7-C52083213D2D}.Release|Mixed Platforms.Build.0 = Release|Any CPU
		{742D8245-F2C1-4A7D-8132-9AEA801932C1}.Ad-Hoc|Any CPU.ActiveCfg = Release|Any CPU
		{742D8245-F2C1-4A7D-8132-9AEA801932C1}.Ad-Hoc|Any CPU.Build.0 = Release|Any CPU
		{742D8245-F2C1-4A7D-8132-9AEA801932C1}.Ad-Hoc|Any CPU.Deploy.0 = Release|Any CPU
		{742D8245-F2C1-4A7D-8132-9AEA801932C1}.Ad-Hoc|iPhone.ActiveCfg = Release|Any CPU
		{742D8245-F2C1-4A7D-8132-9AEA801932C1}.Ad-Hoc|iPhoneSimulator.ActiveCfg = Release|Any CPU
		{742D8245-F2C1-4A7D-8132-9AEA801932C1}.Ad-Hoc|Mixed Platforms.ActiveCfg = Release|Any CPU
		{742D8245-F2C1-4A7D-8132-9AEA801932C1}.Ad-Hoc|Mixed Platforms.Build.0 = Release|Any CPU
		{742D8245-F2C1-4A7D-8132-9AEA801932C1}.Ad-Hoc|Mixed Platforms.Deploy.0 = Release|Any CPU
		{742D8245-F2C1-4A7D-8132-9AEA801932C1}.AppStore|Any CPU.ActiveCfg = Release|Any CPU
		{742D8245-F2C1-4A7D-8132-9AEA801932C1}.AppStore|Any CPU.Build.0 = Release|Any CPU
		{742D8245-F2C1-4A7D-8132-9AEA801932C1}.AppStore|Any CPU.Deploy.0 = Release|Any CPU
		{742D8245-F2C1-4A7D-8132-9AEA801932C1}.AppStore|iPhone.ActiveCfg = Release|Any CPU
		{742D8245-F2C1-4A7D-8132-9AEA801932C1}.AppStore|iPhoneSimulator.ActiveCfg = Release|Any CPU
		{742D8245-F2C1-4A7D-8132-9AEA801932C1}.AppStore|Mixed Platforms.ActiveCfg = Release|Any CPU
		{742D8245-F2C1-4A7D-8132-9AEA801932C1}.AppStore|Mixed Platforms.Build.0 = Release|Any CPU
		{742D8245-F2C1-4A7D-8132-9AEA801932C1}.AppStore|Mixed Platforms.Deploy.0 = Release|Any CPU
		{742D8245-F2C1-4A7D-8132-9AEA801932C1}.Debug|Any CPU.ActiveCfg = Debug|Any CPU
		{742D8245-F2C1-4A7D-8132-9AEA801932C1}.Debug|Any CPU.Build.0 = Debug|Any CPU
		{742D8245-F2C1-4A7D-8132-9AEA801932C1}.Debug|Any CPU.Deploy.0 = Debug|Any CPU
		{742D8245-F2C1-4A7D-8132-9AEA801932C1}.Debug|iPhone.ActiveCfg = Debug|Any CPU
		{742D8245-F2C1-4A7D-8132-9AEA801932C1}.Debug|iPhoneSimulator.ActiveCfg = Debug|Any CPU
		{742D8245-F2C1-4A7D-8132-9AEA801932C1}.Debug|iPhoneSimulator.Build.0 = Debug|Any CPU
		{742D8245-F2C1-4A7D-8132-9AEA801932C1}.Debug|iPhoneSimulator.Deploy.0 = Debug|Any CPU
		{742D8245-F2C1-4A7D-8132-9AEA801932C1}.Debug|Mixed Platforms.ActiveCfg = Debug|Any CPU
		{742D8245-F2C1-4A7D-8132-9AEA801932C1}.Debug|Mixed Platforms.Build.0 = Debug|Any CPU
		{742D8245-F2C1-4A7D-8132-9AEA801932C1}.Debug|Mixed Platforms.Deploy.0 = Debug|Any CPU
		{742D8245-F2C1-4A7D-8132-9AEA801932C1}.Release|Any CPU.ActiveCfg = Release|Any CPU
		{742D8245-F2C1-4A7D-8132-9AEA801932C1}.Release|Any CPU.Build.0 = Release|Any CPU
		{742D8245-F2C1-4A7D-8132-9AEA801932C1}.Release|Any CPU.Deploy.0 = Release|Any CPU
		{742D8245-F2C1-4A7D-8132-9AEA801932C1}.Release|iPhone.ActiveCfg = Release|Any CPU
		{742D8245-F2C1-4A7D-8132-9AEA801932C1}.Release|iPhoneSimulator.ActiveCfg = Release|Any CPU
		{742D8245-F2C1-4A7D-8132-9AEA801932C1}.Release|Mixed Platforms.ActiveCfg = Release|Any CPU
		{742D8245-F2C1-4A7D-8132-9AEA801932C1}.Release|Mixed Platforms.Build.0 = Release|Any CPU
		{742D8245-F2C1-4A7D-8132-9AEA801932C1}.Release|Mixed Platforms.Deploy.0 = Release|Any CPU
		{CF049D86-2E0E-4AF4-B317-E166B2A5EF0D}.Ad-Hoc|Any CPU.ActiveCfg = Ad-Hoc|iPhone
		{CF049D86-2E0E-4AF4-B317-E166B2A5EF0D}.Ad-Hoc|Any CPU.Build.0 = Ad-Hoc|iPhone
		{CF049D86-2E0E-4AF4-B317-E166B2A5EF0D}.Ad-Hoc|iPhone.ActiveCfg = Ad-Hoc|iPhone
		{CF049D86-2E0E-4AF4-B317-E166B2A5EF0D}.Ad-Hoc|iPhone.Build.0 = Ad-Hoc|iPhone
		{CF049D86-2E0E-4AF4-B317-E166B2A5EF0D}.Ad-Hoc|iPhoneSimulator.ActiveCfg = Debug|iPhoneSimulator
		{CF049D86-2E0E-4AF4-B317-E166B2A5EF0D}.Ad-Hoc|iPhoneSimulator.Build.0 = Debug|iPhoneSimulator
		{CF049D86-2E0E-4AF4-B317-E166B2A5EF0D}.Ad-Hoc|Mixed Platforms.ActiveCfg = Ad-Hoc|iPhone
		{CF049D86-2E0E-4AF4-B317-E166B2A5EF0D}.Ad-Hoc|Mixed Platforms.Build.0 = Ad-Hoc|iPhone
		{CF049D86-2E0E-4AF4-B317-E166B2A5EF0D}.AppStore|Any CPU.ActiveCfg = AppStore|iPhone
		{CF049D86-2E0E-4AF4-B317-E166B2A5EF0D}.AppStore|Any CPU.Build.0 = AppStore|iPhone
		{CF049D86-2E0E-4AF4-B317-E166B2A5EF0D}.AppStore|iPhone.ActiveCfg = AppStore|iPhone
		{CF049D86-2E0E-4AF4-B317-E166B2A5EF0D}.AppStore|iPhone.Build.0 = AppStore|iPhone
		{CF049D86-2E0E-4AF4-B317-E166B2A5EF0D}.AppStore|iPhoneSimulator.ActiveCfg = Debug|iPhoneSimulator
		{CF049D86-2E0E-4AF4-B317-E166B2A5EF0D}.AppStore|iPhoneSimulator.Build.0 = Debug|iPhoneSimulator
		{CF049D86-2E0E-4AF4-B317-E166B2A5EF0D}.AppStore|Mixed Platforms.ActiveCfg = AppStore|iPhone
		{CF049D86-2E0E-4AF4-B317-E166B2A5EF0D}.AppStore|Mixed Platforms.Build.0 = AppStore|iPhone
		{CF049D86-2E0E-4AF4-B317-E166B2A5EF0D}.Debug|Any CPU.ActiveCfg = Debug|iPhoneSimulator
		{CF049D86-2E0E-4AF4-B317-E166B2A5EF0D}.Debug|Any CPU.Build.0 = Debug|iPhoneSimulator
		{CF049D86-2E0E-4AF4-B317-E166B2A5EF0D}.Debug|iPhone.ActiveCfg = Debug|iPhone
		{CF049D86-2E0E-4AF4-B317-E166B2A5EF0D}.Debug|iPhone.Build.0 = Debug|iPhone
		{CF049D86-2E0E-4AF4-B317-E166B2A5EF0D}.Debug|iPhoneSimulator.ActiveCfg = Debug|iPhoneSimulator
		{CF049D86-2E0E-4AF4-B317-E166B2A5EF0D}.Debug|iPhoneSimulator.Build.0 = Debug|iPhoneSimulator
		{CF049D86-2E0E-4AF4-B317-E166B2A5EF0D}.Debug|Mixed Platforms.ActiveCfg = Debug|iPhoneSimulator
		{CF049D86-2E0E-4AF4-B317-E166B2A5EF0D}.Debug|Mixed Platforms.Build.0 = Debug|iPhoneSimulator
		{CF049D86-2E0E-4AF4-B317-E166B2A5EF0D}.Release|Any CPU.ActiveCfg = Release|iPhoneSimulator
		{CF049D86-2E0E-4AF4-B317-E166B2A5EF0D}.Release|Any CPU.Build.0 = Release|iPhoneSimulator
		{CF049D86-2E0E-4AF4-B317-E166B2A5EF0D}.Release|iPhone.ActiveCfg = Release|iPhone
		{CF049D86-2E0E-4AF4-B317-E166B2A5EF0D}.Release|iPhone.Build.0 = Release|iPhone
		{CF049D86-2E0E-4AF4-B317-E166B2A5EF0D}.Release|iPhoneSimulator.ActiveCfg = Release|iPhoneSimulator
		{CF049D86-2E0E-4AF4-B317-E166B2A5EF0D}.Release|iPhoneSimulator.Build.0 = Release|iPhoneSimulator
		{CF049D86-2E0E-4AF4-B317-E166B2A5EF0D}.Release|Mixed Platforms.ActiveCfg = Release|iPhoneSimulator
		{CF049D86-2E0E-4AF4-B317-E166B2A5EF0D}.Release|Mixed Platforms.Build.0 = Release|iPhoneSimulator
	EndGlobalSection
	GlobalSection(MonoDevelopProperties) = preSolution
		StartupItem = HelloWorld.iOS\HelloWorld.iOS.csproj
	EndGlobalSection
	GlobalSection(SolutionProperties) = preSolution
		HideSolutionNode = FALSE
	EndGlobalSection
EndGlobal
