
Microsoft Visual Studio Solution File, Format Version 11.00
# Visual Studio 2010
Project("{FAE04EC0-301F-11D3-BF4B-00C04F79EFBC}") = "TestAMScrollingNavbar2", "TestAMScrollingNavbar2\TestAMScrollingNavbar2.csproj", "{3DF29DA9-1EFE-4DCC-8F52-3BAE0E3B18FB}"
EndProject
Project("{FAE04EC0-301F-11D3-BF4B-00C04F79EFBC}") = "AMScrollingNavbar", "AMScrollingNavbarBinding\AMScrollingNavbar.csproj", "{A9568C94-1F00-4202-9777-A9555424CAF2}"
EndProject
Global
	GlobalSection(SolutionConfigurationPlatforms) = preSolution
		Debug|iPhoneSimulator = Debug|iPhoneSimulator
		Release|iPhoneSimulator = Release|iPhoneSimulator
		Debug|iPhone = Debug|iPhone
		Release|iPhone = Release|iPhone
		Ad-Hoc|iPhone = Ad-Hoc|iPhone
		AppStore|iPhone = AppStore|iPhone
	EndGlobalSection
	GlobalSection(ProjectConfigurationPlatforms) = postSolution
		{3DF29DA9-1EFE-4DCC-8F52-3BAE0E3B18FB}.Ad-Hoc|iPhone.ActiveCfg = Ad-Hoc|iPhone
		{3DF29DA9-1EFE-4DCC-8F52-3BAE0E3B18FB}.Ad-Hoc|iPhone.Build.0 = Ad-Hoc|iPhone
		{3DF29DA9-1EFE-4DCC-8F52-3BAE0E3B18FB}.AppStore|iPhone.ActiveCfg = AppStore|iPhone
		{3DF29DA9-1EFE-4DCC-8F52-3BAE0E3B18FB}.AppStore|iPhone.Build.0 = AppStore|iPhone
		{3DF29DA9-1EFE-4DCC-8F52-3BAE0E3B18FB}.Debug|iPhone.ActiveCfg = Debug|iPhone
		{3DF29DA9-1EFE-4DCC-8F52-3BAE0E3B18FB}.Debug|iPhone.Build.0 = Debug|iPhone
		{3DF29DA9-1EFE-4DCC-8F52-3BAE0E3B18FB}.Debug|iPhoneSimulator.ActiveCfg = Debug|iPhoneSimulator
		{3DF29DA9-1EFE-4DCC-8F52-3BAE0E3B18FB}.Debug|iPhoneSimulator.Build.0 = Debug|iPhoneSimulator
		{3DF29DA9-1EFE-4DCC-8F52-3BAE0E3B18FB}.Release|iPhone.ActiveCfg = Release|iPhone
		{3DF29DA9-1EFE-4DCC-8F52-3BAE0E3B18FB}.Release|iPhone.Build.0 = Release|iPhone
		{3DF29DA9-1EFE-4DCC-8F52-3BAE0E3B18FB}.Release|iPhoneSimulator.ActiveCfg = Release|iPhoneSimulator
		{3DF29DA9-1EFE-4DCC-8F52-3BAE0E3B18FB}.Release|iPhoneSimulator.Build.0 = Release|iPhoneSimulator
		{A9568C94-1F00-4202-9777-A9555424CAF2}.Ad-Hoc|iPhone.ActiveCfg = Release|Any CPU
		{A9568C94-1F00-4202-9777-A9555424CAF2}.Ad-Hoc|iPhone.Build.0 = Release|Any CPU
		{A9568C94-1F00-4202-9777-A9555424CAF2}.AppStore|iPhone.ActiveCfg = Release|Any CPU
		{A9568C94-1F00-4202-9777-A9555424CAF2}.AppStore|iPhone.Build.0 = Release|Any CPU
		{A9568C94-1F00-4202-9777-A9555424CAF2}.Debug|iPhone.ActiveCfg = Debug|Any CPU
		{A9568C94-1F00-4202-9777-A9555424CAF2}.Debug|iPhone.Build.0 = Debug|Any CPU
		{A9568C94-1F00-4202-9777-A9555424CAF2}.Debug|iPhoneSimulator.ActiveCfg = Debug|Any CPU
		{A9568C94-1F00-4202-9777-A9555424CAF2}.Debug|iPhoneSimulator.Build.0 = Debug|Any CPU
		{A9568C94-1F00-4202-9777-A9555424CAF2}.Release|iPhone.ActiveCfg = Release|Any CPU
		{A9568C94-1F00-4202-9777-A9555424CAF2}.Release|iPhone.Build.0 = Release|Any CPU
		{A9568C94-1F00-4202-9777-A9555424CAF2}.Release|iPhoneSimulator.ActiveCfg = Release|Any CPU
		{A9568C94-1F00-4202-9777-A9555424CAF2}.Release|iPhoneSimulator.Build.0 = Release|Any CPU
	EndGlobalSection
	GlobalSection(MonoDevelopProperties) = preSolution
		StartupItem = TestAMScrollingNavbar2\TestAMScrollingNavbar2.csproj
	EndGlobalSection
EndGlobal
