
Microsoft Visual Studio Solution File, Format Version 12.00
# Visual Studio 2012
Project("{FAE04EC0-301F-11D3-BF4B-00C04F79EFBC}") = "iOS-UICollectionViewCustomLayoutStoryboard", "iOS-UICollectionViewCustomLayoutStoryboard\iOS-UICollectionViewCustomLayoutStoryboard.csproj", "{B1A855A7-F363-40BD-B412-AD4EF5FD8195}"
EndProject
Global
	GlobalSection(SolutionConfigurationPlatforms) = preSolution
		Debug|iPhoneSimulator = Debug|iPhoneSimulator
		Release|iPhoneSimulator = Release|iPhoneSimulator
		Debug|iPhone = Debug|iPhone
		Release|iPhone = Release|iPhone
		Ad-Hoc|iPhone = Ad-Hoc|iPhone
		AppStore|iPhone = AppStore|iPhone
	EndGlobalSection
	GlobalSection(ProjectConfigurationPlatforms) = postSolution
		{B1A855A7-F363-40BD-B412-AD4EF5FD8195}.Ad-Hoc|iPhone.ActiveCfg = Ad-Hoc|iPhone
		{B1A855A7-F363-40BD-B412-AD4EF5FD8195}.Ad-Hoc|iPhone.Build.0 = Ad-Hoc|iPhone
		{B1A855A7-F363-40BD-B412-AD4EF5FD8195}.AppStore|iPhone.ActiveCfg = AppStore|iPhone
		{B1A855A7-F363-40BD-B412-AD4EF5FD8195}.AppStore|iPhone.Build.0 = AppStore|iPhone
		{B1A855A7-F363-40BD-B412-AD4EF5FD8195}.Debug|iPhone.ActiveCfg = Debug|iPhone
		{B1A855A7-F363-40BD-B412-AD4EF5FD8195}.Debug|iPhone.Build.0 = Debug|iPhone
		{B1A855A7-F363-40BD-B412-AD4EF5FD8195}.Debug|iPhoneSimulator.ActiveCfg = Debug|iPhoneSimulator
		{B1A855A7-F363-40BD-B412-AD4EF5FD8195}.Debug|iPhoneSimulator.Build.0 = Debug|iPhoneSimulator
		{B1A855A7-F363-40BD-B412-AD4EF5FD8195}.Release|iPhone.ActiveCfg = Release|iPhone
		{B1A855A7-F363-40BD-B412-AD4EF5FD8195}.Release|iPhone.Build.0 = Release|iPhone
		{B1A855A7-F363-40BD-B412-AD4EF5FD8195}.Release|iPhoneSimulator.ActiveCfg = Release|iPhoneSimulator
		{B1A855A7-F363-40BD-B412-AD4EF5FD8195}.Release|iPhoneSimulator.Build.0 = Release|iPhoneSimulator
	EndGlobalSection
	GlobalSection(MonoDevelopProperties) = preSolution
		StartupItem = iOS-UICollectionViewCustomLayoutStoryboard\iOS-UICollectionViewCustomLayoutStoryboard.csproj
	EndGlobalSection
EndGlobal
