
Microsoft Visual Studio Solution File, Format Version 11.00
# Visual Studio 2010
Project("{FAE04EC0-301F-11D3-BF4B-00C04F79EFBC}") = "doneButton.iPhone", "doneButton.iPhone\doneButton.iPhone.csproj", "{6774BC75-0651-4009-BE73-D99BFFFEB8FC}"
EndProject
Global
	GlobalSection(SolutionConfigurationPlatforms) = preSolution
		Debug|iPhoneSimulator = Debug|iPhoneSimulator
		Release|iPhoneSimulator = Release|iPhoneSimulator
		Debug|iPhone = Debug|iPhone
		Release|iPhone = Release|iPhone
		Ad-Hoc|iPhone = Ad-Hoc|iPhone
		AppStore|iPhone = AppStore|iPhone
	EndGlobalSection
	GlobalSection(ProjectConfigurationPlatforms) = postSolution
		{6774BC75-0651-4009-BE73-D99BFFFEB8FC}.Ad-Hoc|iPhone.ActiveCfg = Ad-Hoc|iPhone
		{6774BC75-0651-4009-BE73-D99BFFFEB8FC}.Ad-Hoc|iPhone.Build.0 = Ad-Hoc|iPhone
		{6774BC75-0651-4009-BE73-D99BFFFEB8FC}.AppStore|iPhone.ActiveCfg = AppStore|iPhone
		{6774BC75-0651-4009-BE73-D99BFFFEB8FC}.AppStore|iPhone.Build.0 = AppStore|iPhone
		{6774BC75-0651-4009-BE73-D99BFFFEB8FC}.Debug|iPhone.ActiveCfg = Debug|iPhone
		{6774BC75-0651-4009-BE73-D99BFFFEB8FC}.Debug|iPhone.Build.0 = Debug|iPhone
		{6774BC75-0651-4009-BE73-D99BFFFEB8FC}.Debug|iPhoneSimulator.ActiveCfg = Debug|iPhoneSimulator
		{6774BC75-0651-4009-BE73-D99BFFFEB8FC}.Debug|iPhoneSimulator.Build.0 = Debug|iPhoneSimulator
		{6774BC75-0651-4009-BE73-D99BFFFEB8FC}.Release|iPhone.ActiveCfg = Release|iPhone
		{6774BC75-0651-4009-BE73-D99BFFFEB8FC}.Release|iPhone.Build.0 = Release|iPhone
		{6774BC75-0651-4009-BE73-D99BFFFEB8FC}.Release|iPhoneSimulator.ActiveCfg = Release|iPhoneSimulator
		{6774BC75-0651-4009-BE73-D99BFFFEB8FC}.Release|iPhoneSimulator.Build.0 = Release|iPhoneSimulator
	EndGlobalSection
	GlobalSection(MonoDevelopProperties) = preSolution
		StartupItem = doneButton.iPhone\doneButton.iPhone.csproj
	EndGlobalSection
EndGlobal
