
Microsoft Visual Studio Solution File, Format Version 11.00
# Visual Studio 2010
Project("{FAE04EC0-301F-11D3-BF4B-00C04F79EFBC}") = "testUnwind", "testUnwind\testUnwind.csproj", "{CA523CF4-05E3-4F2E-9855-CD610C7A6ABF}"
EndProject
Global
	GlobalSection(SolutionConfigurationPlatforms) = preSolution
		Debug|iPhoneSimulator = Debug|iPhoneSimulator
		Release|iPhoneSimulator = Release|iPhoneSimulator
		Debug|iPhone = Debug|iPhone
		Release|iPhone = Release|iPhone
		Ad-Hoc|iPhone = Ad-Hoc|iPhone
		AppStore|iPhone = AppStore|iPhone
	EndGlobalSection
	GlobalSection(ProjectConfigurationPlatforms) = postSolution
		{CA523CF4-05E3-4F2E-9855-CD610C7A6ABF}.Ad-Hoc|iPhone.ActiveCfg = Ad-Hoc|iPhone
		{CA523CF4-05E3-4F2E-9855-CD610C7A6ABF}.Ad-Hoc|iPhone.Build.0 = Ad-Hoc|iPhone
		{CA523CF4-05E3-4F2E-9855-CD610C7A6ABF}.AppStore|iPhone.ActiveCfg = AppStore|iPhone
		{CA523CF4-05E3-4F2E-9855-CD610C7A6ABF}.AppStore|iPhone.Build.0 = AppStore|iPhone
		{CA523CF4-05E3-4F2E-9855-CD610C7A6ABF}.Debug|iPhone.ActiveCfg = Debug|iPhone
		{CA523CF4-05E3-4F2E-9855-CD610C7A6ABF}.Debug|iPhone.Build.0 = Debug|iPhone
		{CA523CF4-05E3-4F2E-9855-CD610C7A6ABF}.Debug|iPhoneSimulator.ActiveCfg = Debug|iPhoneSimulator
		{CA523CF4-05E3-4F2E-9855-CD610C7A6ABF}.Debug|iPhoneSimulator.Build.0 = Debug|iPhoneSimulator
		{CA523CF4-05E3-4F2E-9855-CD610C7A6ABF}.Release|iPhone.ActiveCfg = Release|iPhone
		{CA523CF4-05E3-4F2E-9855-CD610C7A6ABF}.Release|iPhone.Build.0 = Release|iPhone
		{CA523CF4-05E3-4F2E-9855-CD610C7A6ABF}.Release|iPhoneSimulator.ActiveCfg = Release|iPhoneSimulator
		{CA523CF4-05E3-4F2E-9855-CD610C7A6ABF}.Release|iPhoneSimulator.Build.0 = Release|iPhoneSimulator
	EndGlobalSection
	GlobalSection(MonoDevelopProperties) = preSolution
		StartupItem = testUnwind\testUnwind.csproj
	EndGlobalSection
EndGlobal
