
Microsoft Visual Studio Solution File, Format Version 12.00
# Visual Studio 2012
Project("{FAE04EC0-301F-11D3-BF4B-00C04F79EFBC}") = "telephonytest", "telephonytest\telephonytest.csproj", "{F9D2F9C9-46A3-4127-B5D8-012C33B8EA76}"
EndProject
Global
	GlobalSection(SolutionConfigurationPlatforms) = preSolution
		Debug|iPhoneSimulator = Debug|iPhoneSimulator
		Release|iPhoneSimulator = Release|iPhoneSimulator
		Debug|iPhone = Debug|iPhone
		Release|iPhone = Release|iPhone
		Ad-Hoc|iPhone = Ad-Hoc|iPhone
		AppStore|iPhone = AppStore|iPhone
	EndGlobalSection
	GlobalSection(ProjectConfigurationPlatforms) = postSolution
		{F9D2F9C9-46A3-4127-B5D8-012C33B8EA76}.Ad-Hoc|iPhone.ActiveCfg = Ad-Hoc|iPhone
		{F9D2F9C9-46A3-4127-B5D8-012C33B8EA76}.Ad-Hoc|iPhone.Build.0 = Ad-Hoc|iPhone
		{F9D2F9C9-46A3-4127-B5D8-012C33B8EA76}.AppStore|iPhone.ActiveCfg = AppStore|iPhone
		{F9D2F9C9-46A3-4127-B5D8-012C33B8EA76}.AppStore|iPhone.Build.0 = AppStore|iPhone
		{F9D2F9C9-46A3-4127-B5D8-012C33B8EA76}.Debug|iPhone.ActiveCfg = Debug|iPhone
		{F9D2F9C9-46A3-4127-B5D8-012C33B8EA76}.Debug|iPhone.Build.0 = Debug|iPhone
		{F9D2F9C9-46A3-4127-B5D8-012C33B8EA76}.Debug|iPhoneSimulator.ActiveCfg = Debug|iPhoneSimulator
		{F9D2F9C9-46A3-4127-B5D8-012C33B8EA76}.Debug|iPhoneSimulator.Build.0 = Debug|iPhoneSimulator
		{F9D2F9C9-46A3-4127-B5D8-012C33B8EA76}.Release|iPhone.ActiveCfg = Release|iPhone
		{F9D2F9C9-46A3-4127-B5D8-012C33B8EA76}.Release|iPhone.Build.0 = Release|iPhone
		{F9D2F9C9-46A3-4127-B5D8-012C33B8EA76}.Release|iPhoneSimulator.ActiveCfg = Release|iPhoneSimulator
		{F9D2F9C9-46A3-4127-B5D8-012C33B8EA76}.Release|iPhoneSimulator.Build.0 = Release|iPhoneSimulator
	EndGlobalSection
	GlobalSection(MonoDevelopProperties) = preSolution
		StartupItem = telephonytest\telephonytest.csproj
	EndGlobalSection
EndGlobal
