
Microsoft Visual Studio Solution File, Format Version 12.00
# Visual Studio 2012
Project("{FAE04EC0-301F-11D3-BF4B-00C04F79EFBC}") = "Phoneword", "Phoneword\Phoneword.csproj", "{3EBEFBFA-4DF8-436E-88C9-5CC6F371346B}"
EndProject
Global
	GlobalSection(SolutionConfigurationPlatforms) = preSolution
		Debug|iPhoneSimulator = Debug|iPhoneSimulator
		Release|iPhoneSimulator = Release|iPhoneSimulator
		Debug|iPhone = Debug|iPhone
		Release|iPhone = Release|iPhone
		Ad-Hoc|iPhone = Ad-Hoc|iPhone
		AppStore|iPhone = AppStore|iPhone
	EndGlobalSection
	GlobalSection(ProjectConfigurationPlatforms) = postSolution
		{3EBEFBFA-4DF8-436E-88C9-5CC6F371346B}.Ad-Hoc|iPhone.ActiveCfg = Ad-Hoc|iPhone
		{3EBEFBFA-4DF8-436E-88C9-5CC6F371346B}.Ad-Hoc|iPhone.Build.0 = Ad-Hoc|iPhone
		{3EBEFBFA-4DF8-436E-88C9-5CC6F371346B}.AppStore|iPhone.ActiveCfg = AppStore|iPhone
		{3EBEFBFA-4DF8-436E-88C9-5CC6F371346B}.AppStore|iPhone.Build.0 = AppStore|iPhone
		{3EBEFBFA-4DF8-436E-88C9-5CC6F371346B}.Debug|iPhone.ActiveCfg = Debug|iPhone
		{3EBEFBFA-4DF8-436E-88C9-5CC6F371346B}.Debug|iPhone.Build.0 = Debug|iPhone
		{3EBEFBFA-4DF8-436E-88C9-5CC6F371346B}.Debug|iPhoneSimulator.ActiveCfg = Debug|iPhoneSimulator
		{3EBEFBFA-4DF8-436E-88C9-5CC6F371346B}.Debug|iPhoneSimulator.Build.0 = Debug|iPhoneSimulator
		{3EBEFBFA-4DF8-436E-88C9-5CC6F371346B}.Release|iPhone.ActiveCfg = Release|iPhone
		{3EBEFBFA-4DF8-436E-88C9-5CC6F371346B}.Release|iPhone.Build.0 = Release|iPhone
		{3EBEFBFA-4DF8-436E-88C9-5CC6F371346B}.Release|iPhoneSimulator.ActiveCfg = Release|iPhoneSimulator
		{3EBEFBFA-4DF8-436E-88C9-5CC6F371346B}.Release|iPhoneSimulator.Build.0 = Release|iPhoneSimulator
	EndGlobalSection
	GlobalSection(MonoDevelopProperties) = preSolution
		StartupItem = Phoneword\Phoneword.csproj
	EndGlobalSection
EndGlobal
