
Microsoft Visual Studio Solution File, Format Version 12.00
# Visual Studio 2012
Project("{FAE04EC0-301F-11D3-BF4B-00C04F79EFBC}") = "TestScrollViewWithStack", "TestScrollViewWithStack\TestScrollViewWithStack.csproj", "{2AF36F65-B2F0-4CBE-9A5B-CD8BD8D2DDC0}"
EndProject
Project("{FAE04EC0-301F-11D3-BF4B-00C04F79EFBC}") = "TestScrollViewWithStack.iOS", "iOS\TestScrollViewWithStack.iOS.csproj", "{90EABD07-674E-4E44-ABF2-2A07F2944715}"
EndProject
Project("{FAE04EC0-301F-11D3-BF4B-00C04F79EFBC}") = "TestScrollViewWithStack.Android", "Android\TestScrollViewWithStack.Android.csproj", "{A809F7B5-A108-48E3-80A3-6AFA09ECF395}"
EndProject
Global
	GlobalSection(SolutionConfigurationPlatforms) = preSolution
		Debug|Any CPU = Debug|Any CPU
		Release|Any CPU = Release|Any CPU
		Debug|iPhoneSimulator = Debug|iPhoneSimulator
		Release|iPhoneSimulator = Release|iPhoneSimulator
		Debug|iPhone = Debug|iPhone
		Release|iPhone = Release|iPhone
		Ad-Hoc|iPhone = Ad-Hoc|iPhone
		AppStore|iPhone = AppStore|iPhone
	EndGlobalSection
	GlobalSection(ProjectConfigurationPlatforms) = postSolution
		{2AF36F65-B2F0-4CBE-9A5B-CD8BD8D2DDC0}.Ad-Hoc|iPhone.ActiveCfg = Debug|Any CPU
		{2AF36F65-B2F0-4CBE-9A5B-CD8BD8D2DDC0}.Ad-Hoc|iPhone.Build.0 = Debug|Any CPU
		{2AF36F65-B2F0-4CBE-9A5B-CD8BD8D2DDC0}.AppStore|iPhone.ActiveCfg = Debug|Any CPU
		{2AF36F65-B2F0-4CBE-9A5B-CD8BD8D2DDC0}.AppStore|iPhone.Build.0 = Debug|Any CPU
		{2AF36F65-B2F0-4CBE-9A5B-CD8BD8D2DDC0}.Debug|Any CPU.ActiveCfg = Debug|Any CPU
		{2AF36F65-B2F0-4CBE-9A5B-CD8BD8D2DDC0}.Debug|Any CPU.Build.0 = Debug|Any CPU
		{2AF36F65-B2F0-4CBE-9A5B-CD8BD8D2DDC0}.Debug|iPhone.ActiveCfg = Debug|Any CPU
		{2AF36F65-B2F0-4CBE-9A5B-CD8BD8D2DDC0}.Debug|iPhone.Build.0 = Debug|Any CPU
		{2AF36F65-B2F0-4CBE-9A5B-CD8BD8D2DDC0}.Debug|iPhoneSimulator.ActiveCfg = Debug|Any CPU
		{2AF36F65-B2F0-4CBE-9A5B-CD8BD8D2DDC0}.Debug|iPhoneSimulator.Build.0 = Debug|Any CPU
		{2AF36F65-B2F0-4CBE-9A5B-CD8BD8D2DDC0}.Release|Any CPU.ActiveCfg = Release|Any CPU
		{2AF36F65-B2F0-4CBE-9A5B-CD8BD8D2DDC0}.Release|Any CPU.Build.0 = Release|Any CPU
		{2AF36F65-B2F0-4CBE-9A5B-CD8BD8D2DDC0}.Release|iPhone.ActiveCfg = Release|Any CPU
		{2AF36F65-B2F0-4CBE-9A5B-CD8BD8D2DDC0}.Release|iPhone.Build.0 = Release|Any CPU
		{2AF36F65-B2F0-4CBE-9A5B-CD8BD8D2DDC0}.Release|iPhoneSimulator.ActiveCfg = Release|Any CPU
		{2AF36F65-B2F0-4CBE-9A5B-CD8BD8D2DDC0}.Release|iPhoneSimulator.Build.0 = Release|Any CPU
		{90EABD07-674E-4E44-ABF2-2A07F2944715}.Ad-Hoc|iPhone.ActiveCfg = Ad-Hoc|iPhone
		{90EABD07-674E-4E44-ABF2-2A07F2944715}.Ad-Hoc|iPhone.Build.0 = Ad-Hoc|iPhone
		{90EABD07-674E-4E44-ABF2-2A07F2944715}.AppStore|iPhone.ActiveCfg = AppStore|iPhone
		{90EABD07-674E-4E44-ABF2-2A07F2944715}.AppStore|iPhone.Build.0 = AppStore|iPhone
		{90EABD07-674E-4E44-ABF2-2A07F2944715}.Debug|Any CPU.ActiveCfg = Debug|iPhoneSimulator
		{90EABD07-674E-4E44-ABF2-2A07F2944715}.Debug|Any CPU.Build.0 = Debug|iPhoneSimulator
		{90EABD07-674E-4E44-ABF2-2A07F2944715}.Debug|iPhone.ActiveCfg = Debug|iPhone
		{90EABD07-674E-4E44-ABF2-2A07F2944715}.Debug|iPhone.Build.0 = Debug|iPhone
		{90EABD07-674E-4E44-ABF2-2A07F2944715}.Debug|iPhoneSimulator.ActiveCfg = Debug|iPhoneSimulator
		{90EABD07-674E-4E44-ABF2-2A07F2944715}.Debug|iPhoneSimulator.Build.0 = Debug|iPhoneSimulator
		{90EABD07-674E-4E44-ABF2-2A07F2944715}.Release|Any CPU.ActiveCfg = Release|iPhoneSimulator
		{90EABD07-674E-4E44-ABF2-2A07F2944715}.Release|Any CPU.Build.0 = Release|iPhoneSimulator
		{90EABD07-674E-4E44-ABF2-2A07F2944715}.Release|iPhone.ActiveCfg = Release|iPhone
		{90EABD07-674E-4E44-ABF2-2A07F2944715}.Release|iPhone.Build.0 = Release|iPhone
		{90EABD07-674E-4E44-ABF2-2A07F2944715}.Release|iPhoneSimulator.ActiveCfg = Release|iPhoneSimulator
		{90EABD07-674E-4E44-ABF2-2A07F2944715}.Release|iPhoneSimulator.Build.0 = Release|iPhoneSimulator
		{A809F7B5-A108-48E3-80A3-6AFA09ECF395}.Ad-Hoc|iPhone.ActiveCfg = Debug|Any CPU
		{A809F7B5-A108-48E3-80A3-6AFA09ECF395}.Ad-Hoc|iPhone.Build.0 = Debug|Any CPU
		{A809F7B5-A108-48E3-80A3-6AFA09ECF395}.AppStore|iPhone.ActiveCfg = Debug|Any CPU
		{A809F7B5-A108-48E3-80A3-6AFA09ECF395}.AppStore|iPhone.Build.0 = Debug|Any CPU
		{A809F7B5-A108-48E3-80A3-6AFA09ECF395}.Debug|Any CPU.ActiveCfg = Debug|Any CPU
		{A809F7B5-A108-48E3-80A3-6AFA09ECF395}.Debug|Any CPU.Build.0 = Debug|Any CPU
		{A809F7B5-A108-48E3-80A3-6AFA09ECF395}.Debug|iPhone.ActiveCfg = Debug|Any CPU
		{A809F7B5-A108-48E3-80A3-6AFA09ECF395}.Debug|iPhone.Build.0 = Debug|Any CPU
		{A809F7B5-A108-48E3-80A3-6AFA09ECF395}.Debug|iPhoneSimulator.ActiveCfg = Debug|Any CPU
		{A809F7B5-A108-48E3-80A3-6AFA09ECF395}.Debug|iPhoneSimulator.Build.0 = Debug|Any CPU
		{A809F7B5-A108-48E3-80A3-6AFA09ECF395}.Release|Any CPU.ActiveCfg = Release|Any CPU
		{A809F7B5-A108-48E3-80A3-6AFA09ECF395}.Release|Any CPU.Build.0 = Release|Any CPU
		{A809F7B5-A108-48E3-80A3-6AFA09ECF395}.Release|iPhone.ActiveCfg = Release|Any CPU
		{A809F7B5-A108-48E3-80A3-6AFA09ECF395}.Release|iPhone.Build.0 = Release|Any CPU
		{A809F7B5-A108-48E3-80A3-6AFA09ECF395}.Release|iPhoneSimulator.ActiveCfg = Release|Any CPU
		{A809F7B5-A108-48E3-80A3-6AFA09ECF395}.Release|iPhoneSimulator.Build.0 = Release|Any CPU
	EndGlobalSection
	GlobalSection(MonoDevelopProperties) = preSolution
		StartupItem = Android\TestScrollViewWithStack.Android.csproj
	EndGlobalSection
EndGlobal
