
Microsoft Visual Studio Solution File, Format Version 12.00
# Visual Studio 2012
Project("{FAE04EC0-301F-11D3-BF4B-00C04F79EFBC}") = "testcanceldialog", "testcanceldialog\testcanceldialog.csproj", "{1E0FE741-771D-492D-A760-F4EFB7DCF3D4}"
EndProject
Global
	GlobalSection(SolutionConfigurationPlatforms) = preSolution
		Debug|Any CPU = Debug|Any CPU
		Release|Any CPU = Release|Any CPU
	EndGlobalSection
	GlobalSection(ProjectConfigurationPlatforms) = postSolution
		{1E0FE741-771D-492D-A760-F4EFB7DCF3D4}.Debug|Any CPU.ActiveCfg = Debug|Any CPU
		{1E0FE741-771D-492D-A760-F4EFB7DCF3D4}.Debug|Any CPU.Build.0 = Debug|Any CPU
		{1E0FE741-771D-492D-A760-F4EFB7DCF3D4}.Release|Any CPU.ActiveCfg = Release|Any CPU
		{1E0FE741-771D-492D-A760-F4EFB7DCF3D4}.Release|Any CPU.Build.0 = Release|Any CPU
	EndGlobalSection
	GlobalSection(MonoDevelopProperties) = preSolution
		StartupItem = testcanceldialog\testcanceldialog.csproj
	EndGlobalSection
EndGlobal
