
Microsoft Visual Studio Solution File, Format Version 12.00
# Visual Studio 2012
Project("{FAE04EC0-301F-11D3-BF4B-00C04F79EFBC}") = "contentprovidertest", "contentprovidertest\contentprovidertest.csproj", "{61BBAE30-FEE2-4101-B6E4-83FF5637EF09}"
EndProject
Global
	GlobalSection(SolutionConfigurationPlatforms) = preSolution
		Debug|Any CPU = Debug|Any CPU
		Release|Any CPU = Release|Any CPU
	EndGlobalSection
	GlobalSection(ProjectConfigurationPlatforms) = postSolution
		{61BBAE30-FEE2-4101-B6E4-83FF5637EF09}.Debug|Any CPU.ActiveCfg = Debug|Any CPU
		{61BBAE30-FEE2-4101-B6E4-83FF5637EF09}.Debug|Any CPU.Build.0 = Debug|Any CPU
		{61BBAE30-FEE2-4101-B6E4-83FF5637EF09}.Release|Any CPU.ActiveCfg = Release|Any CPU
		{61BBAE30-FEE2-4101-B6E4-83FF5637EF09}.Release|Any CPU.Build.0 = Release|Any CPU
	EndGlobalSection
	GlobalSection(MonoDevelopProperties) = preSolution
		StartupItem = contentprovidertest\contentprovidertest.csproj
	EndGlobalSection
EndGlobal
