
Microsoft Visual Studio Solution File, Format Version 12.00
# Visual Studio 2012
Project("{FAE04EC0-301F-11D3-BF4B-00C04F79EFBC}") = "EMXamarin", "EMXamarin\EMXamarin.csproj", "{FDBCF91A-F9FF-4F09-A6C3-5765FFD0A8ED}"
EndProject
Project("{FAE04EC0-301F-11D3-BF4B-00C04F79EFBC}") = "EMXamarin.iOS", "iOS\EMXamarin.iOS.csproj", "{5EA2F484-AD0B-492D-8041-509436D94C60}"
EndProject
Project("{FAE04EC0-301F-11D3-BF4B-00C04F79EFBC}") = "EMXamarin.Android", "Android\EMXamarin.Android.csproj", "{2AB2CC5D-E45E-441F-8029-E6656A07891F}"
EndProject
Global
	GlobalSection(SolutionConfigurationPlatforms) = preSolution
		Debug|Any CPU = Debug|Any CPU
		Release|Any CPU = Release|Any CPU
		Debug|iPhoneSimulator = Debug|iPhoneSimulator
		Release|iPhoneSimulator = Release|iPhoneSimulator
		Debug|iPhone = Debug|iPhone
		Release|iPhone = Release|iPhone
		Ad-Hoc|iPhone = Ad-Hoc|iPhone
		AppStore|iPhone = AppStore|iPhone
	EndGlobalSection
	GlobalSection(ProjectConfigurationPlatforms) = postSolution
		{2AB2CC5D-E45E-441F-8029-E6656A07891F}.Ad-Hoc|iPhone.ActiveCfg = Debug|Any CPU
		{2AB2CC5D-E45E-441F-8029-E6656A07891F}.Ad-Hoc|iPhone.Build.0 = Debug|Any CPU
		{2AB2CC5D-E45E-441F-8029-E6656A07891F}.AppStore|iPhone.ActiveCfg = Debug|Any CPU
		{2AB2CC5D-E45E-441F-8029-E6656A07891F}.AppStore|iPhone.Build.0 = Debug|Any CPU
		{2AB2CC5D-E45E-441F-8029-E6656A07891F}.Debug|Any CPU.ActiveCfg = Debug|Any CPU
		{2AB2CC5D-E45E-441F-8029-E6656A07891F}.Debug|Any CPU.Build.0 = Debug|Any CPU
		{2AB2CC5D-E45E-441F-8029-E6656A07891F}.Debug|iPhone.ActiveCfg = Debug|Any CPU
		{2AB2CC5D-E45E-441F-8029-E6656A07891F}.Debug|iPhone.Build.0 = Debug|Any CPU
		{2AB2CC5D-E45E-441F-8029-E6656A07891F}.Debug|iPhoneSimulator.ActiveCfg = Debug|Any CPU
		{2AB2CC5D-E45E-441F-8029-E6656A07891F}.Debug|iPhoneSimulator.Build.0 = Debug|Any CPU
		{2AB2CC5D-E45E-441F-8029-E6656A07891F}.Release|Any CPU.ActiveCfg = Release|Any CPU
		{2AB2CC5D-E45E-441F-8029-E6656A07891F}.Release|Any CPU.Build.0 = Release|Any CPU
		{2AB2CC5D-E45E-441F-8029-E6656A07891F}.Release|iPhone.ActiveCfg = Release|Any CPU
		{2AB2CC5D-E45E-441F-8029-E6656A07891F}.Release|iPhone.Build.0 = Release|Any CPU
		{2AB2CC5D-E45E-441F-8029-E6656A07891F}.Release|iPhoneSimulator.ActiveCfg = Release|Any CPU
		{2AB2CC5D-E45E-441F-8029-E6656A07891F}.Release|iPhoneSimulator.Build.0 = Release|Any CPU
		{5EA2F484-AD0B-492D-8041-509436D94C60}.Ad-Hoc|iPhone.ActiveCfg = Ad-Hoc|iPhone
		{5EA2F484-AD0B-492D-8041-509436D94C60}.Ad-Hoc|iPhone.Build.0 = Ad-Hoc|iPhone
		{5EA2F484-AD0B-492D-8041-509436D94C60}.AppStore|iPhone.ActiveCfg = AppStore|iPhone
		{5EA2F484-AD0B-492D-8041-509436D94C60}.AppStore|iPhone.Build.0 = AppStore|iPhone
		{5EA2F484-AD0B-492D-8041-509436D94C60}.Debug|Any CPU.ActiveCfg = Debug|iPhoneSimulator
		{5EA2F484-AD0B-492D-8041-509436D94C60}.Debug|Any CPU.Build.0 = Debug|iPhoneSimulator
		{5EA2F484-AD0B-492D-8041-509436D94C60}.Debug|iPhone.ActiveCfg = Debug|iPhone
		{5EA2F484-AD0B-492D-8041-509436D94C60}.Debug|iPhone.Build.0 = Debug|iPhone
		{5EA2F484-AD0B-492D-8041-509436D94C60}.Debug|iPhoneSimulator.ActiveCfg = Debug|iPhoneSimulator
		{5EA2F484-AD0B-492D-8041-509436D94C60}.Debug|iPhoneSimulator.Build.0 = Debug|iPhoneSimulator
		{5EA2F484-AD0B-492D-8041-509436D94C60}.Release|Any CPU.ActiveCfg = Release|iPhoneSimulator
		{5EA2F484-AD0B-492D-8041-509436D94C60}.Release|Any CPU.Build.0 = Release|iPhoneSimulator
		{5EA2F484-AD0B-492D-8041-509436D94C60}.Release|iPhone.ActiveCfg = Release|iPhone
		{5EA2F484-AD0B-492D-8041-509436D94C60}.Release|iPhone.Build.0 = Release|iPhone
		{5EA2F484-AD0B-492D-8041-509436D94C60}.Release|iPhoneSimulator.ActiveCfg = Release|iPhoneSimulator
		{5EA2F484-AD0B-492D-8041-509436D94C60}.Release|iPhoneSimulator.Build.0 = Release|iPhoneSimulator
		{FDBCF91A-F9FF-4F09-A6C3-5765FFD0A8ED}.Ad-Hoc|iPhone.ActiveCfg = Debug|Any CPU
		{FDBCF91A-F9FF-4F09-A6C3-5765FFD0A8ED}.Ad-Hoc|iPhone.Build.0 = Debug|Any CPU
		{FDBCF91A-F9FF-4F09-A6C3-5765FFD0A8ED}.AppStore|iPhone.ActiveCfg = Debug|Any CPU
		{FDBCF91A-F9FF-4F09-A6C3-5765FFD0A8ED}.AppStore|iPhone.Build.0 = Debug|Any CPU
		{FDBCF91A-F9FF-4F09-A6C3-5765FFD0A8ED}.Debug|Any CPU.ActiveCfg = Debug|Any CPU
		{FDBCF91A-F9FF-4F09-A6C3-5765FFD0A8ED}.Debug|Any CPU.Build.0 = Debug|Any CPU
		{FDBCF91A-F9FF-4F09-A6C3-5765FFD0A8ED}.Debug|iPhone.ActiveCfg = Debug|Any CPU
		{FDBCF91A-F9FF-4F09-A6C3-5765FFD0A8ED}.Debug|iPhone.Build.0 = Debug|Any CPU
		{FDBCF91A-F9FF-4F09-A6C3-5765FFD0A8ED}.Debug|iPhoneSimulator.ActiveCfg = Debug|Any CPU
		{FDBCF91A-F9FF-4F09-A6C3-5765FFD0A8ED}.Debug|iPhoneSimulator.Build.0 = Debug|Any CPU
		{FDBCF91A-F9FF-4F09-A6C3-5765FFD0A8ED}.Release|Any CPU.ActiveCfg = Release|Any CPU
		{FDBCF91A-F9FF-4F09-A6C3-5765FFD0A8ED}.Release|Any CPU.Build.0 = Release|Any CPU
		{FDBCF91A-F9FF-4F09-A6C3-5765FFD0A8ED}.Release|iPhone.ActiveCfg = Release|Any CPU
		{FDBCF91A-F9FF-4F09-A6C3-5765FFD0A8ED}.Release|iPhone.Build.0 = Release|Any CPU
		{FDBCF91A-F9FF-4F09-A6C3-5765FFD0A8ED}.Release|iPhoneSimulator.ActiveCfg = Release|Any CPU
		{FDBCF91A-F9FF-4F09-A6C3-5765FFD0A8ED}.Release|iPhoneSimulator.Build.0 = Release|Any CPU
	EndGlobalSection
	GlobalSection(MonoDevelopProperties) = preSolution
		StartupItem = Android\EMXamarin.Android.csproj
	EndGlobalSection
EndGlobal
