
Microsoft Visual Studio Solution File, Format Version 11.00
# Visual Studio 2010
Project("{FAE04EC0-301F-11D3-BF4B-00C04F79EFBC}") = "testRestService", "testRestService\testRestService.csproj", "{CAA6AD2A-B8B0-4DDF-BB94-175B618E9E2C}"
EndProject
Global
	GlobalSection(SolutionConfigurationPlatforms) = preSolution
		Debug|iPhoneSimulator = Debug|iPhoneSimulator
		Release|iPhoneSimulator = Release|iPhoneSimulator
		Debug|iPhone = Debug|iPhone
		Release|iPhone = Release|iPhone
		Ad-Hoc|iPhone = Ad-Hoc|iPhone
		AppStore|iPhone = AppStore|iPhone
	EndGlobalSection
	GlobalSection(ProjectConfigurationPlatforms) = postSolution
		{CAA6AD2A-B8B0-4DDF-BB94-175B618E9E2C}.Ad-Hoc|iPhone.ActiveCfg = Ad-Hoc|iPhone
		{CAA6AD2A-B8B0-4DDF-BB94-175B618E9E2C}.Ad-Hoc|iPhone.Build.0 = Ad-Hoc|iPhone
		{CAA6AD2A-B8B0-4DDF-BB94-175B618E9E2C}.AppStore|iPhone.ActiveCfg = AppStore|iPhone
		{CAA6AD2A-B8B0-4DDF-BB94-175B618E9E2C}.AppStore|iPhone.Build.0 = AppStore|iPhone
		{CAA6AD2A-B8B0-4DDF-BB94-175B618E9E2C}.Debug|iPhone.ActiveCfg = Debug|iPhone
		{CAA6AD2A-B8B0-4DDF-BB94-175B618E9E2C}.Debug|iPhone.Build.0 = Debug|iPhone
		{CAA6AD2A-B8B0-4DDF-BB94-175B618E9E2C}.Debug|iPhoneSimulator.ActiveCfg = Debug|iPhoneSimulator
		{CAA6AD2A-B8B0-4DDF-BB94-175B618E9E2C}.Debug|iPhoneSimulator.Build.0 = Debug|iPhoneSimulator
		{CAA6AD2A-B8B0-4DDF-BB94-175B618E9E2C}.Release|iPhone.ActiveCfg = Release|iPhone
		{CAA6AD2A-B8B0-4DDF-BB94-175B618E9E2C}.Release|iPhone.Build.0 = Release|iPhone
		{CAA6AD2A-B8B0-4DDF-BB94-175B618E9E2C}.Release|iPhoneSimulator.ActiveCfg = Release|iPhoneSimulator
		{CAA6AD2A-B8B0-4DDF-BB94-175B618E9E2C}.Release|iPhoneSimulator.Build.0 = Release|iPhoneSimulator
	EndGlobalSection
	GlobalSection(MonoDevelopProperties) = preSolution
		StartupItem = testRestService\testRestService.csproj
	EndGlobalSection
EndGlobal
