
Microsoft Visual Studio Solution File, Format Version 11.00
# Visual Studio 2010
Project("{FAE04EC0-301F-11D3-BF4B-00C04F79EFBC}") = "LoginScreen.iOS.Sample", "LoginScreen.iOS.Sample.csproj", "{59CF7C3A-0C3F-4CD3-98DA-D51B98CC00E7}"
EndProject
Global
	GlobalSection(SolutionConfigurationPlatforms) = preSolution
		Debug|iPhoneSimulator = Debug|iPhoneSimulator
		Release|iPhoneSimulator = Release|iPhoneSimulator
		Debug|iPhone = Debug|iPhone
		Release|iPhone = Release|iPhone
		Ad-Hoc|iPhone = Ad-Hoc|iPhone
		AppStore|iPhone = AppStore|iPhone
	EndGlobalSection
	GlobalSection(ProjectConfigurationPlatforms) = postSolution
		{59CF7C3A-0C3F-4CD3-98DA-D51B98CC00E7}.Ad-Hoc|iPhone.ActiveCfg = Ad-Hoc|iPhone
		{59CF7C3A-0C3F-4CD3-98DA-D51B98CC00E7}.Ad-Hoc|iPhone.Build.0 = Ad-Hoc|iPhone
		{59CF7C3A-0C3F-4CD3-98DA-D51B98CC00E7}.AppStore|iPhone.ActiveCfg = AppStore|iPhone
		{59CF7C3A-0C3F-4CD3-98DA-D51B98CC00E7}.AppStore|iPhone.Build.0 = AppStore|iPhone
		{59CF7C3A-0C3F-4CD3-98DA-D51B98CC00E7}.Debug|iPhone.ActiveCfg = Debug|iPhone
		{59CF7C3A-0C3F-4CD3-98DA-D51B98CC00E7}.Debug|iPhone.Build.0 = Debug|iPhone
		{59CF7C3A-0C3F-4CD3-98DA-D51B98CC00E7}.Debug|iPhoneSimulator.ActiveCfg = Debug|iPhoneSimulator
		{59CF7C3A-0C3F-4CD3-98DA-D51B98CC00E7}.Debug|iPhoneSimulator.Build.0 = Debug|iPhoneSimulator
		{59CF7C3A-0C3F-4CD3-98DA-D51B98CC00E7}.Release|iPhone.ActiveCfg = Release|iPhone
		{59CF7C3A-0C3F-4CD3-98DA-D51B98CC00E7}.Release|iPhone.Build.0 = Release|iPhone
		{59CF7C3A-0C3F-4CD3-98DA-D51B98CC00E7}.Release|iPhoneSimulator.ActiveCfg = Release|iPhoneSimulator
		{59CF7C3A-0C3F-4CD3-98DA-D51B98CC00E7}.Release|iPhoneSimulator.Build.0 = Release|iPhoneSimulator
		{DB481930-2BC3-4D25-86A4-94476667C790}.Ad-Hoc|iPhone.ActiveCfg = Release|Any CPU
		{DB481930-2BC3-4D25-86A4-94476667C790}.Ad-Hoc|iPhone.Build.0 = Release|Any CPU
		{DB481930-2BC3-4D25-86A4-94476667C790}.AppStore|iPhone.ActiveCfg = Release|Any CPU
		{DB481930-2BC3-4D25-86A4-94476667C790}.AppStore|iPhone.Build.0 = Release|Any CPU
		{DB481930-2BC3-4D25-86A4-94476667C790}.Debug|iPhone.ActiveCfg = Debug|Any CPU
		{DB481930-2BC3-4D25-86A4-94476667C790}.Debug|iPhone.Build.0 = Debug|Any CPU
		{DB481930-2BC3-4D25-86A4-94476667C790}.Debug|iPhoneSimulator.ActiveCfg = Debug|Any CPU
		{DB481930-2BC3-4D25-86A4-94476667C790}.Debug|iPhoneSimulator.Build.0 = Debug|Any CPU
		{DB481930-2BC3-4D25-86A4-94476667C790}.Release|iPhone.ActiveCfg = Release|Any CPU
		{DB481930-2BC3-4D25-86A4-94476667C790}.Release|iPhone.Build.0 = Release|Any CPU
		{DB481930-2BC3-4D25-86A4-94476667C790}.Release|iPhoneSimulator.ActiveCfg = Release|Any CPU
		{DB481930-2BC3-4D25-86A4-94476667C790}.Release|iPhoneSimulator.Build.0 = Release|Any CPU
	EndGlobalSection
	GlobalSection(MonoDevelopProperties) = preSolution
		StartupItem = LoginScreen.iOS.Sample.csproj
		Policies = $0
		$0.DotNetNamingPolicy = $1
		$1.DirectoryNamespaceAssociation = PrefixedFlat
		$1.ResourceNamePolicy = FileFormatDefault
	EndGlobalSection
EndGlobal
