
Microsoft Visual Studio Solution File, Format Version 12.00
# Visual Studio 2012
Project("{FAE04EC0-301F-11D3-BF4B-00C04F79EFBC}") = "UnwindSegue", "UnwindSegue\UnwindSegue.csproj", "{E77AEBE1-7E17-48AC-BDB8-FB6FCB4DF011}"
EndProject
Global
	GlobalSection(SolutionConfigurationPlatforms) = preSolution
		Debug|iPhoneSimulator = Debug|iPhoneSimulator
		Release|iPhoneSimulator = Release|iPhoneSimulator
		Debug|iPhone = Debug|iPhone
		Release|iPhone = Release|iPhone
		Ad-Hoc|iPhone = Ad-Hoc|iPhone
		AppStore|iPhone = AppStore|iPhone
	EndGlobalSection
	GlobalSection(ProjectConfigurationPlatforms) = postSolution
		{E77AEBE1-7E17-48AC-BDB8-FB6FCB4DF011}.Ad-Hoc|iPhone.ActiveCfg = Ad-Hoc|iPhone
		{E77AEBE1-7E17-48AC-BDB8-FB6FCB4DF011}.Ad-Hoc|iPhone.Build.0 = Ad-Hoc|iPhone
		{E77AEBE1-7E17-48AC-BDB8-FB6FCB4DF011}.AppStore|iPhone.ActiveCfg = AppStore|iPhone
		{E77AEBE1-7E17-48AC-BDB8-FB6FCB4DF011}.AppStore|iPhone.Build.0 = AppStore|iPhone
		{E77AEBE1-7E17-48AC-BDB8-FB6FCB4DF011}.Debug|iPhone.ActiveCfg = Debug|iPhone
		{E77AEBE1-7E17-48AC-BDB8-FB6FCB4DF011}.Debug|iPhone.Build.0 = Debug|iPhone
		{E77AEBE1-7E17-48AC-BDB8-FB6FCB4DF011}.Debug|iPhoneSimulator.ActiveCfg = Debug|iPhoneSimulator
		{E77AEBE1-7E17-48AC-BDB8-FB6FCB4DF011}.Debug|iPhoneSimulator.Build.0 = Debug|iPhoneSimulator
		{E77AEBE1-7E17-48AC-BDB8-FB6FCB4DF011}.Release|iPhone.ActiveCfg = Release|iPhone
		{E77AEBE1-7E17-48AC-BDB8-FB6FCB4DF011}.Release|iPhone.Build.0 = Release|iPhone
		{E77AEBE1-7E17-48AC-BDB8-FB6FCB4DF011}.Release|iPhoneSimulator.ActiveCfg = Release|iPhoneSimulator
		{E77AEBE1-7E17-48AC-BDB8-FB6FCB4DF011}.Release|iPhoneSimulator.Build.0 = Release|iPhoneSimulator
	EndGlobalSection
	GlobalSection(MonoDevelopProperties) = preSolution
		StartupItem = UnwindSegue\UnwindSegue.csproj
	EndGlobalSection
EndGlobal
