
Microsoft Visual Studio Solution File, Format Version 12.00
# Visual Studio 2012
Project("{D954291E-2A0B-460D-934E-DC6B0785DB48}") = "FormsSharedPlayground", "FormsSharedPlayground\FormsSharedPlayground.shproj", "{F6DCDE38-48CE-4E35-9329-5941768EC3F6}"
EndProject
Project("{FAE04EC0-301F-11D3-BF4B-00C04F79EFBC}") = "FormsSharedPlayground.iOS", "iOS\FormsSharedPlayground.iOS.csproj", "{FF7B2852-5254-4B25-87F8-751D85ED0914}"
EndProject
Project("{FAE04EC0-301F-11D3-BF4B-00C04F79EFBC}") = "FormsSharedPlayground.Android", "Android\FormsSharedPlayground.Android.csproj", "{9062253E-4441-4527-9CA3-B150D77DD9FB}"
EndProject
Global
	GlobalSection(SolutionConfigurationPlatforms) = preSolution
		Debug|iPhoneSimulator = Debug|iPhoneSimulator
		Release|iPhoneSimulator = Release|iPhoneSimulator
		Debug|iPhone = Debug|iPhone
		Release|iPhone = Release|iPhone
		Ad-Hoc|iPhone = Ad-Hoc|iPhone
		AppStore|iPhone = AppStore|iPhone
		Debug|Any CPU = Debug|Any CPU
		Release|Any CPU = Release|Any CPU
	EndGlobalSection
	GlobalSection(ProjectConfigurationPlatforms) = postSolution
		{9062253E-4441-4527-9CA3-B150D77DD9FB}.Ad-Hoc|iPhone.ActiveCfg = Release|Any CPU
		{9062253E-4441-4527-9CA3-B150D77DD9FB}.Ad-Hoc|iPhone.Build.0 = Release|Any CPU
		{9062253E-4441-4527-9CA3-B150D77DD9FB}.AppStore|iPhone.ActiveCfg = Release|Any CPU
		{9062253E-4441-4527-9CA3-B150D77DD9FB}.AppStore|iPhone.Build.0 = Release|Any CPU
		{9062253E-4441-4527-9CA3-B150D77DD9FB}.Debug|Any CPU.ActiveCfg = Debug|Any CPU
		{9062253E-4441-4527-9CA3-B150D77DD9FB}.Debug|Any CPU.Build.0 = Debug|Any CPU
		{9062253E-4441-4527-9CA3-B150D77DD9FB}.Debug|iPhone.ActiveCfg = Debug|Any CPU
		{9062253E-4441-4527-9CA3-B150D77DD9FB}.Debug|iPhone.Build.0 = Debug|Any CPU
		{9062253E-4441-4527-9CA3-B150D77DD9FB}.Debug|iPhoneSimulator.ActiveCfg = Debug|Any CPU
		{9062253E-4441-4527-9CA3-B150D77DD9FB}.Debug|iPhoneSimulator.Build.0 = Debug|Any CPU
		{9062253E-4441-4527-9CA3-B150D77DD9FB}.Release|Any CPU.ActiveCfg = Release|Any CPU
		{9062253E-4441-4527-9CA3-B150D77DD9FB}.Release|Any CPU.Build.0 = Release|Any CPU
		{9062253E-4441-4527-9CA3-B150D77DD9FB}.Release|iPhone.ActiveCfg = Release|Any CPU
		{9062253E-4441-4527-9CA3-B150D77DD9FB}.Release|iPhone.Build.0 = Release|Any CPU
		{9062253E-4441-4527-9CA3-B150D77DD9FB}.Release|iPhoneSimulator.ActiveCfg = Release|Any CPU
		{9062253E-4441-4527-9CA3-B150D77DD9FB}.Release|iPhoneSimulator.Build.0 = Release|Any CPU
		{FF7B2852-5254-4B25-87F8-751D85ED0914}.Ad-Hoc|iPhone.ActiveCfg = Ad-Hoc|iPhone
		{FF7B2852-5254-4B25-87F8-751D85ED0914}.Ad-Hoc|iPhone.Build.0 = Ad-Hoc|iPhone
		{FF7B2852-5254-4B25-87F8-751D85ED0914}.AppStore|iPhone.ActiveCfg = AppStore|iPhone
		{FF7B2852-5254-4B25-87F8-751D85ED0914}.AppStore|iPhone.Build.0 = AppStore|iPhone
		{FF7B2852-5254-4B25-87F8-751D85ED0914}.Debug|Any CPU.ActiveCfg = Debug|iPhoneSimulator
		{FF7B2852-5254-4B25-87F8-751D85ED0914}.Debug|Any CPU.Build.0 = Debug|iPhoneSimulator
		{FF7B2852-5254-4B25-87F8-751D85ED0914}.Debug|iPhone.ActiveCfg = Debug|iPhone
		{FF7B2852-5254-4B25-87F8-751D85ED0914}.Debug|iPhone.Build.0 = Debug|iPhone
		{FF7B2852-5254-4B25-87F8-751D85ED0914}.Debug|iPhoneSimulator.ActiveCfg = Debug|iPhoneSimulator
		{FF7B2852-5254-4B25-87F8-751D85ED0914}.Debug|iPhoneSimulator.Build.0 = Debug|iPhoneSimulator
		{FF7B2852-5254-4B25-87F8-751D85ED0914}.Release|Any CPU.ActiveCfg = Release|iPhoneSimulator
		{FF7B2852-5254-4B25-87F8-751D85ED0914}.Release|Any CPU.Build.0 = Release|iPhoneSimulator
		{FF7B2852-5254-4B25-87F8-751D85ED0914}.Release|iPhone.ActiveCfg = Release|iPhone
		{FF7B2852-5254-4B25-87F8-751D85ED0914}.Release|iPhone.Build.0 = Release|iPhone
		{FF7B2852-5254-4B25-87F8-751D85ED0914}.Release|iPhoneSimulator.ActiveCfg = Release|iPhoneSimulator
		{FF7B2852-5254-4B25-87F8-751D85ED0914}.Release|iPhoneSimulator.Build.0 = Release|iPhoneSimulator
	EndGlobalSection
	GlobalSection(MonoDevelopProperties) = preSolution
		StartupItem = iOS\FormsSharedPlayground.iOS.csproj
	EndGlobalSection
EndGlobal
