
Microsoft Visual Studio Solution File, Format Version 12.00
# Visual Studio 2012
Project("{FAE04EC0-301F-11D3-BF4B-00C04F79EFBC}") = "TestDroidScreenShotCrash", "TestDroidScreenShotCrash\TestDroidScreenShotCrash.csproj", "{EB453324-757E-494E-BA80-408BA99C166A}"
EndProject
Project("{FAE04EC0-301F-11D3-BF4B-00C04F79EFBC}") = "TestDroidScreenShotCrash.Test", "TestDroidScreenShotCrash.Test\TestDroidScreenShotCrash.Test.csproj", "{203276BB-0C49-48F6-B562-0DEED279A088}"
EndProject
Global
	GlobalSection(SolutionConfigurationPlatforms) = preSolution
		Debug|Any CPU = Debug|Any CPU
		Release|Any CPU = Release|Any CPU
	EndGlobalSection
	GlobalSection(ProjectConfigurationPlatforms) = postSolution
		{203276BB-0C49-48F6-B562-0DEED279A088}.Debug|Any CPU.ActiveCfg = Debug|Any CPU
		{203276BB-0C49-48F6-B562-0DEED279A088}.Debug|Any CPU.Build.0 = Debug|Any CPU
		{203276BB-0C49-48F6-B562-0DEED279A088}.Release|Any CPU.ActiveCfg = Release|Any CPU
		{203276BB-0C49-48F6-B562-0DEED279A088}.Release|Any CPU.Build.0 = Release|Any CPU
		{EB453324-757E-494E-BA80-408BA99C166A}.Debug|Any CPU.ActiveCfg = Debug|Any CPU
		{EB453324-757E-494E-BA80-408BA99C166A}.Debug|Any CPU.Build.0 = Debug|Any CPU
		{EB453324-757E-494E-BA80-408BA99C166A}.Release|Any CPU.ActiveCfg = Release|Any CPU
		{EB453324-757E-494E-BA80-408BA99C166A}.Release|Any CPU.Build.0 = Release|Any CPU
	EndGlobalSection
	GlobalSection(MonoDevelopProperties) = preSolution
		StartupItem = TestDroidScreenShotCrash.Test\TestDroidScreenShotCrash.Test.csproj
	EndGlobalSection
EndGlobal
