
Microsoft Visual Studio Solution File, Format Version 11.00
# Visual Studio 2010
Project("{FAE04EC0-301F-11D3-BF4B-00C04F79EFBC}") = "GCMcase46418", "GCMcase46418\GCMcase46418.csproj", "{467343EA-82B0-41EE-8C91-C7076669E02A}"
EndProject
Global
	GlobalSection(SolutionConfigurationPlatforms) = preSolution
		Debug|Any CPU = Debug|Any CPU
		Release|Any CPU = Release|Any CPU
	EndGlobalSection
	GlobalSection(ProjectConfigurationPlatforms) = postSolution
		{467343EA-82B0-41EE-8C91-C7076669E02A}.Debug|Any CPU.ActiveCfg = Debug|Any CPU
		{467343EA-82B0-41EE-8C91-C7076669E02A}.Debug|Any CPU.Build.0 = Debug|Any CPU
		{467343EA-82B0-41EE-8C91-C7076669E02A}.Release|Any CPU.ActiveCfg = Release|Any CPU
		{467343EA-82B0-41EE-8C91-C7076669E02A}.Release|Any CPU.Build.0 = Release|Any CPU
	EndGlobalSection
	GlobalSection(MonoDevelopProperties) = preSolution
		StartupItem = GCMcase46418\GCMcase46418.csproj
	EndGlobalSection
EndGlobal
