
Microsoft Visual Studio Solution File, Format Version 11.00
# Visual Studio 2010
Project("{FAE04EC0-301F-11D3-BF4B-00C04F79EFBC}") = "Test_Pause", "Test_Pause\Test_Pause.csproj", "{B8EA8956-3763-428D-9B08-E1341ACB63BE}"
EndProject
Global
	GlobalSection(SolutionConfigurationPlatforms) = preSolution
		Debug|iPhoneSimulator = Debug|iPhoneSimulator
		Release|iPhoneSimulator = Release|iPhoneSimulator
		Debug|iPhone = Debug|iPhone
		Release|iPhone = Release|iPhone
		Ad-Hoc|iPhone = Ad-Hoc|iPhone
		AppStore|iPhone = AppStore|iPhone
	EndGlobalSection
	GlobalSection(ProjectConfigurationPlatforms) = postSolution
		{B8EA8956-3763-428D-9B08-E1341ACB63BE}.Ad-Hoc|iPhone.ActiveCfg = Ad-Hoc|iPhone
		{B8EA8956-3763-428D-9B08-E1341ACB63BE}.Ad-Hoc|iPhone.Build.0 = Ad-Hoc|iPhone
		{B8EA8956-3763-428D-9B08-E1341ACB63BE}.AppStore|iPhone.ActiveCfg = AppStore|iPhone
		{B8EA8956-3763-428D-9B08-E1341ACB63BE}.AppStore|iPhone.Build.0 = AppStore|iPhone
		{B8EA8956-3763-428D-9B08-E1341ACB63BE}.Debug|iPhone.ActiveCfg = Debug|iPhone
		{B8EA8956-3763-428D-9B08-E1341ACB63BE}.Debug|iPhone.Build.0 = Debug|iPhone
		{B8EA8956-3763-428D-9B08-E1341ACB63BE}.Debug|iPhoneSimulator.ActiveCfg = Debug|iPhoneSimulator
		{B8EA8956-3763-428D-9B08-E1341ACB63BE}.Debug|iPhoneSimulator.Build.0 = Debug|iPhoneSimulator
		{B8EA8956-3763-428D-9B08-E1341ACB63BE}.Release|iPhone.ActiveCfg = Release|iPhone
		{B8EA8956-3763-428D-9B08-E1341ACB63BE}.Release|iPhone.Build.0 = Release|iPhone
		{B8EA8956-3763-428D-9B08-E1341ACB63BE}.Release|iPhoneSimulator.ActiveCfg = Release|iPhoneSimulator
		{B8EA8956-3763-428D-9B08-E1341ACB63BE}.Release|iPhoneSimulator.Build.0 = Release|iPhoneSimulator
	EndGlobalSection
	GlobalSection(MonoDevelopProperties) = preSolution
		StartupItem = Test_Pause\Test_Pause.csproj
	EndGlobalSection
EndGlobal
