
Microsoft Visual Studio Solution File, Format Version 12.00
# Visual Studio 2012
Project("{FAE04EC0-301F-11D3-BF4B-00C04F79EFBC}") = "TestYouTube", "TestYouTube\TestYouTube.csproj", "{052FD99D-9892-421E-8442-0668B8054364}"
EndProject
Global
	GlobalSection(SolutionConfigurationPlatforms) = preSolution
		Debug|iPhoneSimulator = Debug|iPhoneSimulator
		Release|iPhoneSimulator = Release|iPhoneSimulator
		Debug|iPhone = Debug|iPhone
		Release|iPhone = Release|iPhone
		Ad-Hoc|iPhone = Ad-Hoc|iPhone
		AppStore|iPhone = AppStore|iPhone
	EndGlobalSection
	GlobalSection(ProjectConfigurationPlatforms) = postSolution
		{052FD99D-9892-421E-8442-0668B8054364}.Ad-Hoc|iPhone.ActiveCfg = Ad-Hoc|iPhone
		{052FD99D-9892-421E-8442-0668B8054364}.Ad-Hoc|iPhone.Build.0 = Ad-Hoc|iPhone
		{052FD99D-9892-421E-8442-0668B8054364}.AppStore|iPhone.ActiveCfg = AppStore|iPhone
		{052FD99D-9892-421E-8442-0668B8054364}.AppStore|iPhone.Build.0 = AppStore|iPhone
		{052FD99D-9892-421E-8442-0668B8054364}.Debug|iPhone.ActiveCfg = Debug|iPhone
		{052FD99D-9892-421E-8442-0668B8054364}.Debug|iPhone.Build.0 = Debug|iPhone
		{052FD99D-9892-421E-8442-0668B8054364}.Debug|iPhoneSimulator.ActiveCfg = Debug|iPhoneSimulator
		{052FD99D-9892-421E-8442-0668B8054364}.Debug|iPhoneSimulator.Build.0 = Debug|iPhoneSimulator
		{052FD99D-9892-421E-8442-0668B8054364}.Release|iPhone.ActiveCfg = Release|iPhone
		{052FD99D-9892-421E-8442-0668B8054364}.Release|iPhone.Build.0 = Release|iPhone
		{052FD99D-9892-421E-8442-0668B8054364}.Release|iPhoneSimulator.ActiveCfg = Release|iPhoneSimulator
		{052FD99D-9892-421E-8442-0668B8054364}.Release|iPhoneSimulator.Build.0 = Release|iPhoneSimulator
	EndGlobalSection
	GlobalSection(MonoDevelopProperties) = preSolution
		StartupItem = TestYouTube\TestYouTube.csproj
	EndGlobalSection
EndGlobal
