
Microsoft Visual Studio Solution File, Format Version 11.00
# Visual Studio 2010
Project("{FAE04EC0-301F-11D3-BF4B-00C04F79EFBC}") = "BubbleNav", "BubbleNav\BubbleNav.csproj", "{BBC82102-986F-4F48-8E80-31D60B21A91D}"
EndProject
Global
	GlobalSection(SolutionConfigurationPlatforms) = preSolution
		Debug|iPhoneSimulator = Debug|iPhoneSimulator
		Release|iPhoneSimulator = Release|iPhoneSimulator
		Debug|iPhone = Debug|iPhone
		Release|iPhone = Release|iPhone
		Ad-Hoc|iPhone = Ad-Hoc|iPhone
		AppStore|iPhone = AppStore|iPhone
	EndGlobalSection
	GlobalSection(ProjectConfigurationPlatforms) = postSolution
		{BBC82102-986F-4F48-8E80-31D60B21A91D}.Ad-Hoc|iPhone.ActiveCfg = Ad-Hoc|iPhone
		{BBC82102-986F-4F48-8E80-31D60B21A91D}.Ad-Hoc|iPhone.Build.0 = Ad-Hoc|iPhone
		{BBC82102-986F-4F48-8E80-31D60B21A91D}.AppStore|iPhone.ActiveCfg = AppStore|iPhone
		{BBC82102-986F-4F48-8E80-31D60B21A91D}.AppStore|iPhone.Build.0 = AppStore|iPhone
		{BBC82102-986F-4F48-8E80-31D60B21A91D}.Debug|iPhone.ActiveCfg = Debug|iPhone
		{BBC82102-986F-4F48-8E80-31D60B21A91D}.Debug|iPhone.Build.0 = Debug|iPhone
		{BBC82102-986F-4F48-8E80-31D60B21A91D}.Debug|iPhoneSimulator.ActiveCfg = Debug|iPhoneSimulator
		{BBC82102-986F-4F48-8E80-31D60B21A91D}.Debug|iPhoneSimulator.Build.0 = Debug|iPhoneSimulator
		{BBC82102-986F-4F48-8E80-31D60B21A91D}.Release|iPhone.ActiveCfg = Release|iPhone
		{BBC82102-986F-4F48-8E80-31D60B21A91D}.Release|iPhone.Build.0 = Release|iPhone
		{BBC82102-986F-4F48-8E80-31D60B21A91D}.Release|iPhoneSimulator.ActiveCfg = Release|iPhoneSimulator
		{BBC82102-986F-4F48-8E80-31D60B21A91D}.Release|iPhoneSimulator.Build.0 = Release|iPhoneSimulator
	EndGlobalSection
	GlobalSection(MonoDevelopProperties) = preSolution
		StartupItem = BubbleNav\BubbleNav.csproj
	EndGlobalSection
EndGlobal
