
Microsoft Visual Studio Solution File, Format Version 12.00
# Visual Studio 2012
Project("{FAE04EC0-301F-11D3-BF4B-00C04F79EFBC}") = "Xamarin.Data.Droid", "Xamarin.Data.Android\Xamarin.Data.Droid.csproj", "{5DC0620D-BE8B-40B4-A27F-71CB9CFF4AF6}"
EndProject
Project("{FAE04EC0-301F-11D3-BF4B-00C04F79EFBC}") = "Xamarin.Data.iOS", "Xamarin.Data.iOS\Xamarin.Data.iOS.csproj", "{15D8E98D-D803-4CCC-906F-0960D31DD439}"
EndProject
Project("{FAE04EC0-301F-11D3-BF4B-00C04F79EFBC}") = "Xamarin.Data.Core", "Xamarin.Data.Core\Xamarin.Data.Core.csproj", "{2716C406-08D3-451C-80B4-251F31AEEB54}"
EndProject
Global
	GlobalSection(SolutionConfigurationPlatforms) = preSolution
		Debug|Any CPU = Debug|Any CPU
		Debug|iPhone = Debug|iPhone
		Debug|iPhoneSimulator = Debug|iPhoneSimulator
		Debug|Mixed Platforms = Debug|Mixed Platforms
		Release|Any CPU = Release|Any CPU
		Release|iPhone = Release|iPhone
		Release|iPhoneSimulator = Release|iPhoneSimulator
		Release|Mixed Platforms = Release|Mixed Platforms
	EndGlobalSection
	GlobalSection(ProjectConfigurationPlatforms) = postSolution
		{15D8E98D-D803-4CCC-906F-0960D31DD439}.Debug|Any CPU.ActiveCfg = Debug|iPhoneSimulator
		{15D8E98D-D803-4CCC-906F-0960D31DD439}.Debug|Any CPU.Build.0 = Debug|iPhoneSimulator
		{15D8E98D-D803-4CCC-906F-0960D31DD439}.Debug|Any CPU.Deploy.0 = Debug|iPhoneSimulator
		{15D8E98D-D803-4CCC-906F-0960D31DD439}.Debug|iPhone.ActiveCfg = Debug|iPhone
		{15D8E98D-D803-4CCC-906F-0960D31DD439}.Debug|iPhone.Build.0 = Debug|iPhone
		{15D8E98D-D803-4CCC-906F-0960D31DD439}.Debug|iPhone.Deploy.0 = Debug|iPhone
		{15D8E98D-D803-4CCC-906F-0960D31DD439}.Debug|iPhoneSimulator.ActiveCfg = Debug|iPhoneSimulator
		{15D8E98D-D803-4CCC-906F-0960D31DD439}.Debug|iPhoneSimulator.Build.0 = Debug|iPhoneSimulator
		{15D8E98D-D803-4CCC-906F-0960D31DD439}.Debug|iPhoneSimulator.Deploy.0 = Debug|iPhoneSimulator
		{15D8E98D-D803-4CCC-906F-0960D31DD439}.Debug|Mixed Platforms.ActiveCfg = Debug|iPhone
		{15D8E98D-D803-4CCC-906F-0960D31DD439}.Debug|Mixed Platforms.Build.0 = Debug|iPhone
		{15D8E98D-D803-4CCC-906F-0960D31DD439}.Debug|Mixed Platforms.Deploy.0 = Debug|iPhone
		{15D8E98D-D803-4CCC-906F-0960D31DD439}.Release|Any CPU.ActiveCfg = Release|iPhone
		{15D8E98D-D803-4CCC-906F-0960D31DD439}.Release|Any CPU.Build.0 = Release|iPhone
		{15D8E98D-D803-4CCC-906F-0960D31DD439}.Release|Any CPU.Deploy.0 = Release|iPhone
		{15D8E98D-D803-4CCC-906F-0960D31DD439}.Release|iPhone.ActiveCfg = Release|iPhone
		{15D8E98D-D803-4CCC-906F-0960D31DD439}.Release|iPhone.Build.0 = Release|iPhone
		{15D8E98D-D803-4CCC-906F-0960D31DD439}.Release|iPhoneSimulator.ActiveCfg = Release|iPhoneSimulator
		{15D8E98D-D803-4CCC-906F-0960D31DD439}.Release|iPhoneSimulator.Build.0 = Release|iPhoneSimulator
		{15D8E98D-D803-4CCC-906F-0960D31DD439}.Release|Mixed Platforms.ActiveCfg = Release|iPhone
		{15D8E98D-D803-4CCC-906F-0960D31DD439}.Release|Mixed Platforms.Build.0 = Release|iPhone
		{2716C406-08D3-451C-80B4-251F31AEEB54}.Debug|Any CPU.ActiveCfg = Debug|Any CPU
		{2716C406-08D3-451C-80B4-251F31AEEB54}.Debug|Any CPU.Build.0 = Debug|Any CPU
		{2716C406-08D3-451C-80B4-251F31AEEB54}.Debug|iPhone.ActiveCfg = Debug|Any CPU
		{2716C406-08D3-451C-80B4-251F31AEEB54}.Debug|iPhone.Build.0 = Debug|Any CPU
		{2716C406-08D3-451C-80B4-251F31AEEB54}.Debug|iPhoneSimulator.ActiveCfg = Debug|Any CPU
		{2716C406-08D3-451C-80B4-251F31AEEB54}.Debug|iPhoneSimulator.Build.0 = Debug|Any CPU
		{2716C406-08D3-451C-80B4-251F31AEEB54}.Debug|Mixed Platforms.ActiveCfg = Debug|Any CPU
		{2716C406-08D3-451C-80B4-251F31AEEB54}.Debug|Mixed Platforms.Build.0 = Debug|Any CPU
		{2716C406-08D3-451C-80B4-251F31AEEB54}.Release|Any CPU.ActiveCfg = Release|Any CPU
		{2716C406-08D3-451C-80B4-251F31AEEB54}.Release|Any CPU.Build.0 = Release|Any CPU
		{2716C406-08D3-451C-80B4-251F31AEEB54}.Release|iPhone.ActiveCfg = Release|Any CPU
		{2716C406-08D3-451C-80B4-251F31AEEB54}.Release|iPhone.Build.0 = Release|Any CPU
		{2716C406-08D3-451C-80B4-251F31AEEB54}.Release|iPhoneSimulator.ActiveCfg = Release|Any CPU
		{2716C406-08D3-451C-80B4-251F31AEEB54}.Release|iPhoneSimulator.Build.0 = Release|Any CPU
		{2716C406-08D3-451C-80B4-251F31AEEB54}.Release|Mixed Platforms.ActiveCfg = Release|Any CPU
		{2716C406-08D3-451C-80B4-251F31AEEB54}.Release|Mixed Platforms.Build.0 = Release|Any CPU
		{5DC0620D-BE8B-40B4-A27F-71CB9CFF4AF6}.Debug|Any CPU.ActiveCfg = Debug|Any CPU
		{5DC0620D-BE8B-40B4-A27F-71CB9CFF4AF6}.Debug|Any CPU.Build.0 = Debug|Any CPU
		{5DC0620D-BE8B-40B4-A27F-71CB9CFF4AF6}.Debug|Any CPU.Deploy.0 = Debug|Any CPU
		{5DC0620D-BE8B-40B4-A27F-71CB9CFF4AF6}.Debug|iPhone.ActiveCfg = Debug|Any CPU
		{5DC0620D-BE8B-40B4-A27F-71CB9CFF4AF6}.Debug|iPhone.Build.0 = Debug|Any CPU
		{5DC0620D-BE8B-40B4-A27F-71CB9CFF4AF6}.Debug|iPhone.Deploy.0 = Debug|Any CPU
		{5DC0620D-BE8B-40B4-A27F-71CB9CFF4AF6}.Debug|iPhoneSimulator.ActiveCfg = Debug|Any CPU
		{5DC0620D-BE8B-40B4-A27F-71CB9CFF4AF6}.Debug|iPhoneSimulator.Build.0 = Debug|Any CPU
		{5DC0620D-BE8B-40B4-A27F-71CB9CFF4AF6}.Debug|iPhoneSimulator.Deploy.0 = Debug|Any CPU
		{5DC0620D-BE8B-40B4-A27F-71CB9CFF4AF6}.Debug|Mixed Platforms.ActiveCfg = Debug|Any CPU
		{5DC0620D-BE8B-40B4-A27F-71CB9CFF4AF6}.Debug|Mixed Platforms.Build.0 = Debug|Any CPU
		{5DC0620D-BE8B-40B4-A27F-71CB9CFF4AF6}.Debug|Mixed Platforms.Deploy.0 = Debug|Any CPU
		{5DC0620D-BE8B-40B4-A27F-71CB9CFF4AF6}.Release|Any CPU.ActiveCfg = Release|Any CPU
		{5DC0620D-BE8B-40B4-A27F-71CB9CFF4AF6}.Release|Any CPU.Build.0 = Release|Any CPU
		{5DC0620D-BE8B-40B4-A27F-71CB9CFF4AF6}.Release|Any CPU.Deploy.0 = Release|Any CPU
		{5DC0620D-BE8B-40B4-A27F-71CB9CFF4AF6}.Release|iPhone.ActiveCfg = Release|Any CPU
		{5DC0620D-BE8B-40B4-A27F-71CB9CFF4AF6}.Release|iPhone.Build.0 = Release|Any CPU
		{5DC0620D-BE8B-40B4-A27F-71CB9CFF4AF6}.Release|iPhoneSimulator.ActiveCfg = Release|Any CPU
		{5DC0620D-BE8B-40B4-A27F-71CB9CFF4AF6}.Release|iPhoneSimulator.Build.0 = Release|Any CPU
		{5DC0620D-BE8B-40B4-A27F-71CB9CFF4AF6}.Release|Mixed Platforms.ActiveCfg = Release|Any CPU
		{5DC0620D-BE8B-40B4-A27F-71CB9CFF4AF6}.Release|Mixed Platforms.Build.0 = Release|Any CPU
		{5DC0620D-BE8B-40B4-A27F-71CB9CFF4AF6}.Release|Mixed Platforms.Deploy.0 = Release|Any CPU
	EndGlobalSection
	GlobalSection(MonoDevelopProperties) = preSolution
		StartupItem = Xamarin.Data.Android\Xamarin.Data.Droid.csproj
	EndGlobalSection
	GlobalSection(SolutionProperties) = preSolution
		HideSolutionNode = FALSE
	EndGlobalSection
EndGlobal
