
Microsoft Visual Studio Solution File, Format Version 11.00
# Visual Studio 2010
Project("{FAE04EC0-301F-11D3-BF4B-00C04F79EFBC}") = "CollectionViewImage", "CollectionViewImage\CollectionViewImage.csproj", "{66AC37A6-197B-47A5-9DC0-079BD1D659DE}"
EndProject
Global
	GlobalSection(SolutionConfigurationPlatforms) = preSolution
		Debug|iPhoneSimulator = Debug|iPhoneSimulator
		Release|iPhoneSimulator = Release|iPhoneSimulator
		Debug|iPhone = Debug|iPhone
		Release|iPhone = Release|iPhone
		Ad-Hoc|iPhone = Ad-Hoc|iPhone
		AppStore|iPhone = AppStore|iPhone
	EndGlobalSection
	GlobalSection(ProjectConfigurationPlatforms) = postSolution
		{66AC37A6-197B-47A5-9DC0-079BD1D659DE}.Ad-Hoc|iPhone.ActiveCfg = Ad-Hoc|iPhone
		{66AC37A6-197B-47A5-9DC0-079BD1D659DE}.Ad-Hoc|iPhone.Build.0 = Ad-Hoc|iPhone
		{66AC37A6-197B-47A5-9DC0-079BD1D659DE}.AppStore|iPhone.ActiveCfg = AppStore|iPhone
		{66AC37A6-197B-47A5-9DC0-079BD1D659DE}.AppStore|iPhone.Build.0 = AppStore|iPhone
		{66AC37A6-197B-47A5-9DC0-079BD1D659DE}.Debug|iPhone.ActiveCfg = Debug|iPhone
		{66AC37A6-197B-47A5-9DC0-079BD1D659DE}.Debug|iPhone.Build.0 = Debug|iPhone
		{66AC37A6-197B-47A5-9DC0-079BD1D659DE}.Debug|iPhoneSimulator.ActiveCfg = Debug|iPhoneSimulator
		{66AC37A6-197B-47A5-9DC0-079BD1D659DE}.Debug|iPhoneSimulator.Build.0 = Debug|iPhoneSimulator
		{66AC37A6-197B-47A5-9DC0-079BD1D659DE}.Release|iPhone.ActiveCfg = Release|iPhone
		{66AC37A6-197B-47A5-9DC0-079BD1D659DE}.Release|iPhone.Build.0 = Release|iPhone
		{66AC37A6-197B-47A5-9DC0-079BD1D659DE}.Release|iPhoneSimulator.ActiveCfg = Release|iPhoneSimulator
		{66AC37A6-197B-47A5-9DC0-079BD1D659DE}.Release|iPhoneSimulator.Build.0 = Release|iPhoneSimulator
	EndGlobalSection
	GlobalSection(MonoDevelopProperties) = preSolution
		StartupItem = CollectionViewImage\CollectionViewImage.csproj
	EndGlobalSection
EndGlobal
