
Microsoft Visual Studio Solution File, Format Version 12.00
# Visual Studio 2012
Project("{FAE04EC0-301F-11D3-BF4B-00C04F79EFBC}") = "DatePickerRenderer", "DatePickerRenderer\DatePickerRenderer.csproj", "{978A3F69-38A8-4C28-AE91-EFC5CC02D777}"
EndProject
Project("{FAE04EC0-301F-11D3-BF4B-00C04F79EFBC}") = "DatePickerRenderer.iOS", "iOS\DatePickerRenderer.iOS.csproj", "{632FC3E6-1C8E-498F-B570-85D49CD56CB8}"
EndProject
Project("{FAE04EC0-301F-11D3-BF4B-00C04F79EFBC}") = "DatePickerRenderer.Android", "Android\DatePickerRenderer.Android.csproj", "{C0DAA8DA-E30E-4B7F-9855-2A627475E845}"
EndProject
Global
	GlobalSection(SolutionConfigurationPlatforms) = preSolution
		Debug|Any CPU = Debug|Any CPU
		Release|Any CPU = Release|Any CPU
		Debug|iPhoneSimulator = Debug|iPhoneSimulator
		Release|iPhoneSimulator = Release|iPhoneSimulator
		Debug|iPhone = Debug|iPhone
		Release|iPhone = Release|iPhone
		Ad-Hoc|iPhone = Ad-Hoc|iPhone
		AppStore|iPhone = AppStore|iPhone
	EndGlobalSection
	GlobalSection(ProjectConfigurationPlatforms) = postSolution
		{632FC3E6-1C8E-498F-B570-85D49CD56CB8}.Ad-Hoc|iPhone.ActiveCfg = Ad-Hoc|iPhone
		{632FC3E6-1C8E-498F-B570-85D49CD56CB8}.Ad-Hoc|iPhone.Build.0 = Ad-Hoc|iPhone
		{632FC3E6-1C8E-498F-B570-85D49CD56CB8}.AppStore|iPhone.ActiveCfg = AppStore|iPhone
		{632FC3E6-1C8E-498F-B570-85D49CD56CB8}.AppStore|iPhone.Build.0 = AppStore|iPhone
		{632FC3E6-1C8E-498F-B570-85D49CD56CB8}.Debug|Any CPU.ActiveCfg = Debug|iPhoneSimulator
		{632FC3E6-1C8E-498F-B570-85D49CD56CB8}.Debug|Any CPU.Build.0 = Debug|iPhoneSimulator
		{632FC3E6-1C8E-498F-B570-85D49CD56CB8}.Debug|iPhone.ActiveCfg = Debug|iPhone
		{632FC3E6-1C8E-498F-B570-85D49CD56CB8}.Debug|iPhone.Build.0 = Debug|iPhone
		{632FC3E6-1C8E-498F-B570-85D49CD56CB8}.Debug|iPhoneSimulator.ActiveCfg = Debug|iPhoneSimulator
		{632FC3E6-1C8E-498F-B570-85D49CD56CB8}.Debug|iPhoneSimulator.Build.0 = Debug|iPhoneSimulator
		{632FC3E6-1C8E-498F-B570-85D49CD56CB8}.Release|Any CPU.ActiveCfg = Release|iPhoneSimulator
		{632FC3E6-1C8E-498F-B570-85D49CD56CB8}.Release|Any CPU.Build.0 = Release|iPhoneSimulator
		{632FC3E6-1C8E-498F-B570-85D49CD56CB8}.Release|iPhone.ActiveCfg = Release|iPhone
		{632FC3E6-1C8E-498F-B570-85D49CD56CB8}.Release|iPhone.Build.0 = Release|iPhone
		{632FC3E6-1C8E-498F-B570-85D49CD56CB8}.Release|iPhoneSimulator.ActiveCfg = Release|iPhoneSimulator
		{632FC3E6-1C8E-498F-B570-85D49CD56CB8}.Release|iPhoneSimulator.Build.0 = Release|iPhoneSimulator
		{978A3F69-38A8-4C28-AE91-EFC5CC02D777}.Ad-Hoc|iPhone.ActiveCfg = Debug|Any CPU
		{978A3F69-38A8-4C28-AE91-EFC5CC02D777}.Ad-Hoc|iPhone.Build.0 = Debug|Any CPU
		{978A3F69-38A8-4C28-AE91-EFC5CC02D777}.AppStore|iPhone.ActiveCfg = Debug|Any CPU
		{978A3F69-38A8-4C28-AE91-EFC5CC02D777}.AppStore|iPhone.Build.0 = Debug|Any CPU
		{978A3F69-38A8-4C28-AE91-EFC5CC02D777}.Debug|Any CPU.ActiveCfg = Debug|Any CPU
		{978A3F69-38A8-4C28-AE91-EFC5CC02D777}.Debug|Any CPU.Build.0 = Debug|Any CPU
		{978A3F69-38A8-4C28-AE91-EFC5CC02D777}.Debug|iPhone.ActiveCfg = Debug|Any CPU
		{978A3F69-38A8-4C28-AE91-EFC5CC02D777}.Debug|iPhone.Build.0 = Debug|Any CPU
		{978A3F69-38A8-4C28-AE91-EFC5CC02D777}.Debug|iPhoneSimulator.ActiveCfg = Debug|Any CPU
		{978A3F69-38A8-4C28-AE91-EFC5CC02D777}.Debug|iPhoneSimulator.Build.0 = Debug|Any CPU
		{978A3F69-38A8-4C28-AE91-EFC5CC02D777}.Release|Any CPU.ActiveCfg = Release|Any CPU
		{978A3F69-38A8-4C28-AE91-EFC5CC02D777}.Release|Any CPU.Build.0 = Release|Any CPU
		{978A3F69-38A8-4C28-AE91-EFC5CC02D777}.Release|iPhone.ActiveCfg = Release|Any CPU
		{978A3F69-38A8-4C28-AE91-EFC5CC02D777}.Release|iPhone.Build.0 = Release|Any CPU
		{978A3F69-38A8-4C28-AE91-EFC5CC02D777}.Release|iPhoneSimulator.ActiveCfg = Release|Any CPU
		{978A3F69-38A8-4C28-AE91-EFC5CC02D777}.Release|iPhoneSimulator.Build.0 = Release|Any CPU
		{C0DAA8DA-E30E-4B7F-9855-2A627475E845}.Ad-Hoc|iPhone.ActiveCfg = Debug|Any CPU
		{C0DAA8DA-E30E-4B7F-9855-2A627475E845}.Ad-Hoc|iPhone.Build.0 = Debug|Any CPU
		{C0DAA8DA-E30E-4B7F-9855-2A627475E845}.AppStore|iPhone.ActiveCfg = Debug|Any CPU
		{C0DAA8DA-E30E-4B7F-9855-2A627475E845}.AppStore|iPhone.Build.0 = Debug|Any CPU
		{C0DAA8DA-E30E-4B7F-9855-2A627475E845}.Debug|Any CPU.ActiveCfg = Debug|Any CPU
		{C0DAA8DA-E30E-4B7F-9855-2A627475E845}.Debug|Any CPU.Build.0 = Debug|Any CPU
		{C0DAA8DA-E30E-4B7F-9855-2A627475E845}.Debug|iPhone.ActiveCfg = Debug|Any CPU
		{C0DAA8DA-E30E-4B7F-9855-2A627475E845}.Debug|iPhone.Build.0 = Debug|Any CPU
		{C0DAA8DA-E30E-4B7F-9855-2A627475E845}.Debug|iPhoneSimulator.ActiveCfg = Debug|Any CPU
		{C0DAA8DA-E30E-4B7F-9855-2A627475E845}.Debug|iPhoneSimulator.Build.0 = Debug|Any CPU
		{C0DAA8DA-E30E-4B7F-9855-2A627475E845}.Release|Any CPU.ActiveCfg = Release|Any CPU
		{C0DAA8DA-E30E-4B7F-9855-2A627475E845}.Release|Any CPU.Build.0 = Release|Any CPU
		{C0DAA8DA-E30E-4B7F-9855-2A627475E845}.Release|iPhone.ActiveCfg = Release|Any CPU
		{C0DAA8DA-E30E-4B7F-9855-2A627475E845}.Release|iPhone.Build.0 = Release|Any CPU
		{C0DAA8DA-E30E-4B7F-9855-2A627475E845}.Release|iPhoneSimulator.ActiveCfg = Release|Any CPU
		{C0DAA8DA-E30E-4B7F-9855-2A627475E845}.Release|iPhoneSimulator.Build.0 = Release|Any CPU
	EndGlobalSection
	GlobalSection(MonoDevelopProperties) = preSolution
		StartupItem = Android\DatePickerRenderer.Android.csproj
	EndGlobalSection
EndGlobal
